
Microsoft Visual Studio Solution File, Format Version 9.00
# Visual Studio 2005
Project("{8BC9CEB8-8B4A-11D0-8D11-00A0C91BC942}") = "maketiledexr", "maketiledexr.vcproj", "{164ABED8-E2E2-4795-A086-E2236EF067C6}"
EndProject
Global
	GlobalSection(SolutionConfigurationPlatforms) = preSolution
		Debug|Win32 = Debug|Win32
		Ship|Win32 = Ship|Win32
	EndGlobalSection
	GlobalSection(ProjectConfigurationPlatforms) = postSolution
		{164ABED8-E2E2-4795-A086-E2236EF067C6}.Debug|Win32.ActiveCfg = Debug|Win32
		{164ABED8-E2E2-4795-A086-E2236EF067C6}.Debug|Win32.Build.0 = Debug|Win32
		{164ABED8-E2E2-4795-A086-E2236EF067C6}.Ship|Win32.ActiveCfg = Ship|Win32
		{164ABED8-E2E2-4795-A086-E2236EF067C6}.Ship|Win32.Build.0 = Ship|Win32
	EndGlobalSection
	GlobalSection(SolutionProperties) = preSolution
		HideSolutionNode = FALSE
	EndGlobalSection
EndGlobal
