
Microsoft Visual Studio Solution File, Format Version 11.00
# Visual Studio 2010
Project("{8BC9CEB8-8B4A-11D0-8D11-00A0C91BC942}") = "Half", "Half\Half.vcxproj", "{03A5ADDE-C376-44D3-BBA6-F4962AD7A3FF}"
	ProjectSection(ProjectDependencies) = postProject
		{B9672C69-0AA5-44FD-9963-0CD1DC66E186} = {B9672C69-0AA5-44FD-9963-0CD1DC66E186}
		{4D2D148F-CF61-4F27-97BD-8537458F1AE3} = {4D2D148F-CF61-4F27-97BD-8537458F1AE3}
	EndProjectSection
EndProject
Project("{8BC9CEB8-8B4A-11D0-8D11-00A0C91BC942}") = "Half_eLut", "Half_eLut\Half_eLut.vcxproj", "{B9672C69-0AA5-44FD-9963-0CD1DC66E186}"
EndProject
Project("{8BC9CEB8-8B4A-11D0-8D11-00A0C91BC942}") = "Half_toFloat", "Half_toFloat\Half_toFloat.vcxproj", "{4D2D148F-CF61-4F27-97BD-8537458F1AE3}"
EndProject
Project("{8BC9CEB8-8B4A-11D0-8D11-00A0C91BC942}") = "Iex", "Iex\Iex.vcxproj", "{2C1E158E-D4DE-4F38-8454-B17457D2C226}"
EndProject
Project("{8BC9CEB8-8B4A-11D0-8D11-00A0C91BC942}") = "IlmThread", "IlmThread\IlmThread.vcxproj", "{DBA42E74-7153-40C2-BE53-A2012E431E8B}"
	ProjectSection(ProjectDependencies) = postProject
		{2C1E158E-D4DE-4F38-8454-B17457D2C226} = {2C1E158E-D4DE-4F38-8454-B17457D2C226}
	EndProjectSection
EndProject
Project("{8BC9CEB8-8B4A-11D0-8D11-00A0C91BC942}") = "Imath", "Imath\Imath.vcxproj", "{80D97F7C-9967-4800-B842-F37EAF325836}"
	ProjectSection(ProjectDependencies) = postProject
		{2C1E158E-D4DE-4F38-8454-B17457D2C226} = {2C1E158E-D4DE-4F38-8454-B17457D2C226}
		{03A5ADDE-C376-44D3-BBA6-F4962AD7A3FF} = {03A5ADDE-C376-44D3-BBA6-F4962AD7A3FF}
	EndProjectSection
EndProject
Project("{8BC9CEB8-8B4A-11D0-8D11-00A0C91BC942}") = "IlmImf", "IlmImf\IlmImf.vcxproj", "{4A0EC7C0-535A-4CAD-A3BF-5BD46A709FDB}"
	ProjectSection(ProjectDependencies) = postProject
		{DBA42E74-7153-40C2-BE53-A2012E431E8B} = {DBA42E74-7153-40C2-BE53-A2012E431E8B}
		{80D97F7C-9967-4800-B842-F37EAF325836} = {80D97F7C-9967-4800-B842-F37EAF325836}
		{2C1E158E-D4DE-4F38-8454-B17457D2C226} = {2C1E158E-D4DE-4F38-8454-B17457D2C226}
		{03A5ADDE-C376-44D3-BBA6-F4962AD7A3FF} = {03A5ADDE-C376-44D3-BBA6-F4962AD7A3FF}
	EndProjectSection
EndProject
Global
	GlobalSection(SolutionConfigurationPlatforms) = preSolution
		Debug|Win32 = Debug|Win32
		Debug|x64 = Debug|x64
		Release|Win32 = Release|Win32
		Release|x64 = Release|x64
	EndGlobalSection
	GlobalSection(ProjectConfigurationPlatforms) = postSolution
		{03A5ADDE-C376-44D3-BBA6-F4962AD7A3FF}.Debug|Win32.ActiveCfg = Debug|Win32
		{03A5ADDE-C376-44D3-BBA6-F4962AD7A3FF}.Debug|Win32.Build.0 = Debug|Win32
		{03A5ADDE-C376-44D3-BBA6-F4962AD7A3FF}.Debug|x64.ActiveCfg = Debug|x64
		{03A5ADDE-C376-44D3-BBA6-F4962AD7A3FF}.Debug|x64.Build.0 = Debug|x64
		{03A5ADDE-C376-44D3-BBA6-F4962AD7A3FF}.Release|Win32.ActiveCfg = Release|Win32
		{03A5ADDE-C376-44D3-BBA6-F4962AD7A3FF}.Release|Win32.Build.0 = Release|Win32
		{03A5ADDE-C376-44D3-BBA6-F4962AD7A3FF}.Release|x64.ActiveCfg = Release|x64
		{03A5ADDE-C376-44D3-BBA6-F4962AD7A3FF}.Release|x64.Build.0 = Release|x64
		{B9672C69-0AA5-44FD-9963-0CD1DC66E186}.Debug|Win32.ActiveCfg = Debug|Win32
		{B9672C69-0AA5-44FD-9963-0CD1DC66E186}.Debug|Win32.Build.0 = Debug|Win32
		{B9672C69-0AA5-44FD-9963-0CD1DC66E186}.Debug|x64.ActiveCfg = Debug|x64
		{B9672C69-0AA5-44FD-9963-0CD1DC66E186}.Debug|x64.Build.0 = Debug|x64
		{B9672C69-0AA5-44FD-9963-0CD1DC66E186}.Release|Win32.ActiveCfg = Release|Win32
		{B9672C69-0AA5-44FD-9963-0CD1DC66E186}.Release|Win32.Build.0 = Release|Win32
		{B9672C69-0AA5-44FD-9963-0CD1DC66E186}.Release|x64.ActiveCfg = Release|x64
		{B9672C69-0AA5-44FD-9963-0CD1DC66E186}.Release|x64.Build.0 = Release|x64
		{4D2D148F-CF61-4F27-97BD-8537458F1AE3}.Debug|Win32.ActiveCfg = Debug|Win32
		{4D2D148F-CF61-4F27-97BD-8537458F1AE3}.Debug|Win32.Build.0 = Debug|Win32
		{4D2D148F-CF61-4F27-97BD-8537458F1AE3}.Debug|x64.ActiveCfg = Debug|x64
		{4D2D148F-CF61-4F27-97BD-8537458F1AE3}.Debug|x64.Build.0 = Debug|x64
		{4D2D148F-CF61-4F27-97BD-8537458F1AE3}.Release|Win32.ActiveCfg = Release|Win32
		{4D2D148F-CF61-4F27-97BD-8537458F1AE3}.Release|Win32.Build.0 = Release|Win32
		{4D2D148F-CF61-4F27-97BD-8537458F1AE3}.Release|x64.ActiveCfg = Release|x64
		{4D2D148F-CF61-4F27-97BD-8537458F1AE3}.Release|x64.Build.0 = Release|x64
		{2C1E158E-D4DE-4F38-8454-B17457D2C226}.Debug|Win32.ActiveCfg = Debug|Win32
		{2C1E158E-D4DE-4F38-8454-B17457D2C226}.Debug|Win32.Build.0 = Debug|Win32
		{2C1E158E-D4DE-4F38-8454-B17457D2C226}.Debug|x64.ActiveCfg = Debug|x64
		{2C1E158E-D4DE-4F38-8454-B17457D2C226}.Debug|x64.Build.0 = Debug|x64
		{2C1E158E-D4DE-4F38-8454-B17457D2C226}.Release|Win32.ActiveCfg = Release|Win32
		{2C1E158E-D4DE-4F38-8454-B17457D2C226}.Release|Win32.Build.0 = Release|Win32
		{2C1E158E-D4DE-4F38-8454-B17457D2C226}.Release|x64.ActiveCfg = Release|x64
		{2C1E158E-D4DE-4F38-8454-B17457D2C226}.Release|x64.Build.0 = Release|x64
		{DBA42E74-7153-40C2-BE53-A2012E431E8B}.Debug|Win32.ActiveCfg = Debug|Win32
		{DBA42E74-7153-40C2-BE53-A2012E431E8B}.Debug|Win32.Build.0 = Debug|Win32
		{DBA42E74-7153-40C2-BE53-A2012E431E8B}.Debug|x64.ActiveCfg = Debug|x64
		{DBA42E74-7153-40C2-BE53-A2012E431E8B}.Debug|x64.Build.0 = Debug|x64
		{DBA42E74-7153-40C2-BE53-A2012E431E8B}.Release|Win32.ActiveCfg = Release|Win32
		{DBA42E74-7153-40C2-BE53-A2012E431E8B}.Release|Win32.Build.0 = Release|Win32
		{DBA42E74-7153-40C2-BE53-A2012E431E8B}.Release|x64.ActiveCfg = Release|x64
		{DBA42E74-7153-40C2-BE53-A2012E431E8B}.Release|x64.Build.0 = Release|x64
		{80D97F7C-9967-4800-B842-F37EAF325836}.Debug|Win32.ActiveCfg = Debug|Win32
		{80D97F7C-9967-4800-B842-F37EAF325836}.Debug|Win32.Build.0 = Debug|Win32
		{80D97F7C-9967-4800-B842-F37EAF325836}.Debug|x64.ActiveCfg = Debug|x64
		{80D97F7C-9967-4800-B842-F37EAF325836}.Debug|x64.Build.0 = Debug|x64
		{80D97F7C-9967-4800-B842-F37EAF325836}.Release|Win32.ActiveCfg = Release|Win32
		{80D97F7C-9967-4800-B842-F37EAF325836}.Release|Win32.Build.0 = Release|Win32
		{80D97F7C-9967-4800-B842-F37EAF325836}.Release|x64.ActiveCfg = Release|x64
		{80D97F7C-9967-4800-B842-F37EAF325836}.Release|x64.Build.0 = Release|x64
		{4A0EC7C0-535A-4CAD-A3BF-5BD46A709FDB}.Debug|Win32.ActiveCfg = Debug|Win32
		{4A0EC7C0-535A-4CAD-A3BF-5BD46A709FDB}.Debug|Win32.Build.0 = Debug|Win32
		{4A0EC7C0-535A-4CAD-A3BF-5BD46A709FDB}.Debug|x64.ActiveCfg = Debug|x64
		{4A0EC7C0-535A-4CAD-A3BF-5BD46A709FDB}.Debug|x64.Build.0 = Debug|x64
		{4A0EC7C0-535A-4CAD-A3BF-5BD46A709FDB}.Release|Win32.ActiveCfg = Release|Win32
		{4A0EC7C0-535A-4CAD-A3BF-5BD46A709FDB}.Release|Win32.Build.0 = Release|Win32
		{4A0EC7C0-535A-4CAD-A3BF-5BD46A709FDB}.Release|x64.ActiveCfg = Release|x64
		{4A0EC7C0-535A-4CAD-A3BF-5BD46A709FDB}.Release|x64.Build.0 = Release|x64
	EndGlobalSection
	GlobalSection(SolutionProperties) = preSolution
		HideSolutionNode = FALSE
	EndGlobalSection
EndGlobal
