Microsoft Visual Studio Solution File, Format Version 10.00
# Visual Studio 2008
Project("{2150E333-8FDC-42A3-9474-1A3956D46DE8}") = "documentation", "documentation", "{6F4ABA81-D2EF-400A-B8E5-E1F986F9D030}"
	ProjectSection(SolutionItems) = preProject
		..\..\documentation\coding guidelines.txt = ..\..\documentation\coding guidelines.txt
		..\..\documentation\compiling.txt = ..\..\documentation\compiling.txt
		..\..\documentation\design.txt = ..\..\documentation\design.txt
		..\..\documentation\todo.txt = ..\..\documentation\todo.txt
	EndProjectSection
EndProject
Project("{8BC9CEB8-8B4A-11D0-8D11-00A0C91BC942}") = "appleseed", "..\..\src\appleseed\projects\win32.vs90\appleseed.vcproj", "{D11538AE-787F-4C85-A1A7-69C75F5B43FA}"
EndProject
Project("{8BC9CEB8-8B4A-11D0-8D11-00A0C91BC942}") = "appleseed.cli", "..\..\src\appleseed.cli\projects\win32.vs90\appleseed.cli.vcproj", "{CE176231-38FB-4EED-AB2D-83C3AD73C67B}"
	ProjectSection(ProjectDependencies) = postProject
		{D8E5045C-03EB-4078-8E99-EEACC50228E1} = {D8E5045C-03EB-4078-8E99-EEACC50228E1}
		{D11538AE-787F-4C85-A1A7-69C75F5B43FA} = {D11538AE-787F-4C85-A1A7-69C75F5B43FA}
	EndProjectSection
EndProject
Project("{8BC9CEB8-8B4A-11D0-8D11-00A0C91BC942}") = "appleseed.studio", "..\..\src\appleseed.studio\projects\win32.vs90\appleseed.studio.vcproj", "{84AE2C33-EFF8-4194-B68D-ADBA0048D1AB}"
	ProjectSection(ProjectDependencies) = postProject
		{D8E5045C-03EB-4078-8E99-EEACC50228E1} = {D8E5045C-03EB-4078-8E99-EEACC50228E1}
		{D11538AE-787F-4C85-A1A7-69C75F5B43FA} = {D11538AE-787F-4C85-A1A7-69C75F5B43FA}
	EndProjectSection
EndProject
Project("{8BC9CEB8-8B4A-11D0-8D11-00A0C91BC942}") = "appleseed.shared", "..\..\src\appleseed.shared\projects\win32.vs90\appleseed.shared.vcproj", "{D8E5045C-03EB-4078-8E99-EEACC50228E1}"
	ProjectSection(ProjectDependencies) = postProject
		{D11538AE-787F-4C85-A1A7-69C75F5B43FA} = {D11538AE-787F-4C85-A1A7-69C75F5B43FA}
	EndProjectSection
EndProject
Global
	GlobalSection(SolutionConfigurationPlatforms) = preSolution
		Debug|Win32 = Debug|Win32
		Profile|Win32 = Profile|Win32
		Release|Win32 = Release|Win32
		Ship|Win32 = Ship|Win32
	EndGlobalSection
	GlobalSection(ProjectConfigurationPlatforms) = postSolution
		{D11538AE-787F-4C85-A1A7-69C75F5B43FA}.Debug|Win32.ActiveCfg = Debug|Win32
		{D11538AE-787F-4C85-A1A7-69C75F5B43FA}.Debug|Win32.Build.0 = Debug|Win32
		{D11538AE-787F-4C85-A1A7-69C75F5B43FA}.Profile|Win32.ActiveCfg = Profile|Win32
		{D11538AE-787F-4C85-A1A7-69C75F5B43FA}.Profile|Win32.Build.0 = Profile|Win32
		{D11538AE-787F-4C85-A1A7-69C75F5B43FA}.Release|Win32.ActiveCfg = Release|Win32
		{D11538AE-787F-4C85-A1A7-69C75F5B43FA}.Release|Win32.Build.0 = Release|Win32
		{D11538AE-787F-4C85-A1A7-69C75F5B43FA}.Ship|Win32.ActiveCfg = Ship|Win32
		{D11538AE-787F-4C85-A1A7-69C75F5B43FA}.Ship|Win32.Build.0 = Ship|Win32
		{CE176231-38FB-4EED-AB2D-83C3AD73C67B}.Debug|Win32.ActiveCfg = Debug|Win32
		{CE176231-38FB-4EED-AB2D-83C3AD73C67B}.Debug|Win32.Build.0 = Debug|Win32
		{CE176231-38FB-4EED-AB2D-83C3AD73C67B}.Profile|Win32.ActiveCfg = Profile|Win32
		{CE176231-38FB-4EED-AB2D-83C3AD73C67B}.Profile|Win32.Build.0 = Profile|Win32
		{CE176231-38FB-4EED-AB2D-83C3AD73C67B}.Release|Win32.ActiveCfg = Release|Win32
		{CE176231-38FB-4EED-AB2D-83C3AD73C67B}.Release|Win32.Build.0 = Release|Win32
		{CE176231-38FB-4EED-AB2D-83C3AD73C67B}.Ship|Win32.ActiveCfg = Ship|Win32
		{CE176231-38FB-4EED-AB2D-83C3AD73C67B}.Ship|Win32.Build.0 = Ship|Win32
		{84AE2C33-EFF8-4194-B68D-ADBA0048D1AB}.Debug|Win32.ActiveCfg = Debug|Win32
		{84AE2C33-EFF8-4194-B68D-ADBA0048D1AB}.Debug|Win32.Build.0 = Debug|Win32
		{84AE2C33-EFF8-4194-B68D-ADBA0048D1AB}.Profile|Win32.ActiveCfg = Profile|Win32
		{84AE2C33-EFF8-4194-B68D-ADBA0048D1AB}.Profile|Win32.Build.0 = Profile|Win32
		{84AE2C33-EFF8-4194-B68D-ADBA0048D1AB}.Release|Win32.ActiveCfg = Release|Win32
		{84AE2C33-EFF8-4194-B68D-ADBA0048D1AB}.Release|Win32.Build.0 = Release|Win32
		{84AE2C33-EFF8-4194-B68D-ADBA0048D1AB}.Ship|Win32.ActiveCfg = Ship|Win32
		{84AE2C33-EFF8-4194-B68D-ADBA0048D1AB}.Ship|Win32.Build.0 = Ship|Win32
		{D8E5045C-03EB-4078-8E99-EEACC50228E1}.Debug|Win32.ActiveCfg = Debug|Win32
		{D8E5045C-03EB-4078-8E99-EEACC50228E1}.Debug|Win32.Build.0 = Debug|Win32
		{D8E5045C-03EB-4078-8E99-EEACC50228E1}.Profile|Win32.ActiveCfg = Profile|Win32
		{D8E5045C-03EB-4078-8E99-EEACC50228E1}.Profile|Win32.Build.0 = Profile|Win32
		{D8E5045C-03EB-4078-8E99-EEACC50228E1}.Release|Win32.ActiveCfg = Release|Win32
		{D8E5045C-03EB-4078-8E99-EEACC50228E1}.Release|Win32.Build.0 = Release|Win32
		{D8E5045C-03EB-4078-8E99-EEACC50228E1}.Ship|Win32.ActiveCfg = Ship|Win32
		{D8E5045C-03EB-4078-8E99-EEACC50228E1}.Ship|Win32.Build.0 = Ship|Win32
	EndGlobalSection
	GlobalSection(SolutionProperties) = preSolution
		HideSolutionNode = FALSE
	EndGlobalSection
EndGlobal
