Microsoft Visual Studio Solution File, Format Version 9.00
# Visual Studio 2005
Project("{8BC9CEB8-8B4A-11D0-8D11-00A0C91BC942}") = "Half", "Half\Half.vcproj", "{E3C9A670-A7FD-41DD-8643-2716549513EA}"
	ProjectSection(ProjectDependencies) = postProject
		{3A89452C-AA97-4970-912B-4B9463DBD11F} = {3A89452C-AA97-4970-912B-4B9463DBD11F}
		{1C05B8BF-D95E-4D73-AEDD-C01CC344AE06} = {1C05B8BF-D95E-4D73-AEDD-C01CC344AE06}
	EndProjectSection
EndProject
Project("{8BC9CEB8-8B4A-11D0-8D11-00A0C91BC942}") = "HalfTest", "HalfTest\HalfTest.vcproj", "{83B30877-C351-48B9-830F-97D7B70F68B8}"
	ProjectSection(ProjectDependencies) = postProject
		{E3C9A670-A7FD-41DD-8643-2716549513EA} = {E3C9A670-A7FD-41DD-8643-2716549513EA}
	EndProjectSection
EndProject
Project("{8BC9CEB8-8B4A-11D0-8D11-00A0C91BC942}") = "Half_eLut", "Half_eLut\Half_eLut.vcproj", "{3A89452C-AA97-4970-912B-4B9463DBD11F}"
EndProject
Project("{8BC9CEB8-8B4A-11D0-8D11-00A0C91BC942}") = "Half_toFloat", "Half_toFloat\Half_toFloat.vcproj", "{1C05B8BF-D95E-4D73-AEDD-C01CC344AE06}"
EndProject
Project("{8BC9CEB8-8B4A-11D0-8D11-00A0C91BC942}") = "Iex", "Iex\Iex.vcproj", "{3B256D4D-9328-4D03-A909-9F6F15CCDB4A}"
EndProject
Project("{8BC9CEB8-8B4A-11D0-8D11-00A0C91BC942}") = "IexTest", "IexTest\IexTest.vcproj", "{DAC75A01-4299-4F6F-AE4A-3ECF0E5D66EC}"
	ProjectSection(ProjectDependencies) = postProject
		{3B256D4D-9328-4D03-A909-9F6F15CCDB4A} = {3B256D4D-9328-4D03-A909-9F6F15CCDB4A}
	EndProjectSection
EndProject
Project("{8BC9CEB8-8B4A-11D0-8D11-00A0C91BC942}") = "IlmImf", "IlmImf\IlmImf.vcproj", "{F8C74CAD-1A3E-436D-ACD4-ABAA8EE1B649}"
	ProjectSection(ProjectDependencies) = postProject
		{C0E0163E-0F3F-45A4-B04B-190F152D1E86} = {C0E0163E-0F3F-45A4-B04B-190F152D1E86}
		{4AAAC6C2-EECF-43A1-AA21-20AA5255BEE0} = {4AAAC6C2-EECF-43A1-AA21-20AA5255BEE0}
	EndProjectSection
EndProject
Project("{8BC9CEB8-8B4A-11D0-8D11-00A0C91BC942}") = "IlmImfTest", "IlmImfTest\IlmImfTest.vcproj", "{D248CA56-0925-4734-AFAA-D12CA61AEF93}"
	ProjectSection(ProjectDependencies) = postProject
		{F8C74CAD-1A3E-436D-ACD4-ABAA8EE1B649} = {F8C74CAD-1A3E-436D-ACD4-ABAA8EE1B649}
	EndProjectSection
EndProject
Project("{8BC9CEB8-8B4A-11D0-8D11-00A0C91BC942}") = "Imath", "Imath\Imath.vcproj", "{C0E0163E-0F3F-45A4-B04B-190F152D1E86}"
	ProjectSection(ProjectDependencies) = postProject
		{3B256D4D-9328-4D03-A909-9F6F15CCDB4A} = {3B256D4D-9328-4D03-A909-9F6F15CCDB4A}
		{E3C9A670-A7FD-41DD-8643-2716549513EA} = {E3C9A670-A7FD-41DD-8643-2716549513EA}
	EndProjectSection
EndProject
Project("{8BC9CEB8-8B4A-11D0-8D11-00A0C91BC942}") = "ImathTest", "ImathTest\ImathTest.vcproj", "{DE65F857-A32D-4EA3-A161-C838773724B7}"
	ProjectSection(ProjectDependencies) = postProject
		{C0E0163E-0F3F-45A4-B04B-190F152D1E86} = {C0E0163E-0F3F-45A4-B04B-190F152D1E86}
	EndProjectSection
EndProject
Project("{8BC9CEB8-8B4A-11D0-8D11-00A0C91BC942}") = "exrdisplay", "exrdisplay\exrdisplay.vcproj", "{B44416BF-AD63-4FEC-A288-DF5FCECD6717}"
	ProjectSection(ProjectDependencies) = postProject
		{C0E0163E-0F3F-45A4-B04B-190F152D1E86} = {C0E0163E-0F3F-45A4-B04B-190F152D1E86}
		{3B256D4D-9328-4D03-A909-9F6F15CCDB4A} = {3B256D4D-9328-4D03-A909-9F6F15CCDB4A}
		{E3C9A670-A7FD-41DD-8643-2716549513EA} = {E3C9A670-A7FD-41DD-8643-2716549513EA}
		{F8C74CAD-1A3E-436D-ACD4-ABAA8EE1B649} = {F8C74CAD-1A3E-436D-ACD4-ABAA8EE1B649}
	EndProjectSection
EndProject
Project("{8BC9CEB8-8B4A-11D0-8D11-00A0C91BC942}") = "exrdisplay_fragshader", "exrdisplay_fragshader\exrdisplay_fragshader.vcproj", "{83233B0B-3347-48D2-BA25-844F6D4E8A37}"
	ProjectSection(ProjectDependencies) = postProject
		{C0E0163E-0F3F-45A4-B04B-190F152D1E86} = {C0E0163E-0F3F-45A4-B04B-190F152D1E86}
		{3B256D4D-9328-4D03-A909-9F6F15CCDB4A} = {3B256D4D-9328-4D03-A909-9F6F15CCDB4A}
		{E3C9A670-A7FD-41DD-8643-2716549513EA} = {E3C9A670-A7FD-41DD-8643-2716549513EA}
		{F8C74CAD-1A3E-436D-ACD4-ABAA8EE1B649} = {F8C74CAD-1A3E-436D-ACD4-ABAA8EE1B649}
	EndProjectSection
EndProject
Project("{8BC9CEB8-8B4A-11D0-8D11-00A0C91BC942}") = "exrheader", "exrheader\exrheader.vcproj", "{26DED152-D34E-4492-9795-124948482D4F}"
	ProjectSection(ProjectDependencies) = postProject
		{C0E0163E-0F3F-45A4-B04B-190F152D1E86} = {C0E0163E-0F3F-45A4-B04B-190F152D1E86}
		{3B256D4D-9328-4D03-A909-9F6F15CCDB4A} = {3B256D4D-9328-4D03-A909-9F6F15CCDB4A}
		{E3C9A670-A7FD-41DD-8643-2716549513EA} = {E3C9A670-A7FD-41DD-8643-2716549513EA}
		{F8C74CAD-1A3E-436D-ACD4-ABAA8EE1B649} = {F8C74CAD-1A3E-436D-ACD4-ABAA8EE1B649}
	EndProjectSection
EndProject
Project("{8BC9CEB8-8B4A-11D0-8D11-00A0C91BC942}") = "imfexamples", "imfexamples\imfexamples.vcproj", "{1DBB72C9-7F20-410E-9F61-1C7BA221F05A}"
	ProjectSection(ProjectDependencies) = postProject
		{C0E0163E-0F3F-45A4-B04B-190F152D1E86} = {C0E0163E-0F3F-45A4-B04B-190F152D1E86}
		{3B256D4D-9328-4D03-A909-9F6F15CCDB4A} = {3B256D4D-9328-4D03-A909-9F6F15CCDB4A}
		{E3C9A670-A7FD-41DD-8643-2716549513EA} = {E3C9A670-A7FD-41DD-8643-2716549513EA}
		{F8C74CAD-1A3E-436D-ACD4-ABAA8EE1B649} = {F8C74CAD-1A3E-436D-ACD4-ABAA8EE1B649}
	EndProjectSection
EndProject
Project("{8BC9CEB8-8B4A-11D0-8D11-00A0C91BC942}") = "exrmaketiled", "exrmaketiled\exrmaketiled.vcproj", "{A09844B0-7C10-4A5D-9CE4-1C9267A0200D}"
	ProjectSection(ProjectDependencies) = postProject
		{C0E0163E-0F3F-45A4-B04B-190F152D1E86} = {C0E0163E-0F3F-45A4-B04B-190F152D1E86}
		{3B256D4D-9328-4D03-A909-9F6F15CCDB4A} = {3B256D4D-9328-4D03-A909-9F6F15CCDB4A}
		{E3C9A670-A7FD-41DD-8643-2716549513EA} = {E3C9A670-A7FD-41DD-8643-2716549513EA}
		{F8C74CAD-1A3E-436D-ACD4-ABAA8EE1B649} = {F8C74CAD-1A3E-436D-ACD4-ABAA8EE1B649}
	EndProjectSection
EndProject
Project("{8BC9CEB8-8B4A-11D0-8D11-00A0C91BC942}") = "exrmakepreview", "exrmakepreview\exrmakepreview.vcproj", "{DBF1414A-A3F5-4776-8E66-771A0A764C5A}"
	ProjectSection(ProjectDependencies) = postProject
		{C0E0163E-0F3F-45A4-B04B-190F152D1E86} = {C0E0163E-0F3F-45A4-B04B-190F152D1E86}
		{3B256D4D-9328-4D03-A909-9F6F15CCDB4A} = {3B256D4D-9328-4D03-A909-9F6F15CCDB4A}
		{E3C9A670-A7FD-41DD-8643-2716549513EA} = {E3C9A670-A7FD-41DD-8643-2716549513EA}
		{F8C74CAD-1A3E-436D-ACD4-ABAA8EE1B649} = {F8C74CAD-1A3E-436D-ACD4-ABAA8EE1B649}
	EndProjectSection
EndProject
Project("{8BC9CEB8-8B4A-11D0-8D11-00A0C91BC942}") = "exrstdattr", "exrstdattr\exrstdattr.vcproj", "{497BEFA3-A4D8-43C7-BDB1-B003C30926CB}"
	ProjectSection(ProjectDependencies) = postProject
		{C0E0163E-0F3F-45A4-B04B-190F152D1E86} = {C0E0163E-0F3F-45A4-B04B-190F152D1E86}
		{3B256D4D-9328-4D03-A909-9F6F15CCDB4A} = {3B256D4D-9328-4D03-A909-9F6F15CCDB4A}
		{E3C9A670-A7FD-41DD-8643-2716549513EA} = {E3C9A670-A7FD-41DD-8643-2716549513EA}
		{F8C74CAD-1A3E-436D-ACD4-ABAA8EE1B649} = {F8C74CAD-1A3E-436D-ACD4-ABAA8EE1B649}
	EndProjectSection
EndProject
Project("{8BC9CEB8-8B4A-11D0-8D11-00A0C91BC942}") = "exrenvmap", "exrenvmap\exrenvmap.vcproj", "{0FD42820-F920-4296-9796-DFE023EC320E}"
	ProjectSection(ProjectDependencies) = postProject
		{C0E0163E-0F3F-45A4-B04B-190F152D1E86} = {C0E0163E-0F3F-45A4-B04B-190F152D1E86}
		{3B256D4D-9328-4D03-A909-9F6F15CCDB4A} = {3B256D4D-9328-4D03-A909-9F6F15CCDB4A}
		{E3C9A670-A7FD-41DD-8643-2716549513EA} = {E3C9A670-A7FD-41DD-8643-2716549513EA}
		{F8C74CAD-1A3E-436D-ACD4-ABAA8EE1B649} = {F8C74CAD-1A3E-436D-ACD4-ABAA8EE1B649}
	EndProjectSection
EndProject
Project("{8BC9CEB8-8B4A-11D0-8D11-00A0C91BC942}") = "IlmThread", "IlmThread\IlmThread.vcproj", "{4AAAC6C2-EECF-43A1-AA21-20AA5255BEE0}"
	ProjectSection(ProjectDependencies) = postProject
		{3B256D4D-9328-4D03-A909-9F6F15CCDB4A} = {3B256D4D-9328-4D03-A909-9F6F15CCDB4A}
	EndProjectSection
EndProject
Global
	GlobalSection(SolutionConfigurationPlatforms) = preSolution
		Debug|Win32 = Debug|Win32
		DebugDLL|Win32 = DebugDLL|Win32
		Release|Win32 = Release|Win32
		ReleaseDLL|Win32 = ReleaseDLL|Win32
	EndGlobalSection
	GlobalSection(ProjectConfigurationPlatforms) = postSolution
		{E3C9A670-A7FD-41DD-8643-2716549513EA}.Debug|Win32.ActiveCfg = Debug|Win32
		{E3C9A670-A7FD-41DD-8643-2716549513EA}.Debug|Win32.Build.0 = Debug|Win32
		{E3C9A670-A7FD-41DD-8643-2716549513EA}.DebugDLL|Win32.ActiveCfg = DebugDLL|Win32
		{E3C9A670-A7FD-41DD-8643-2716549513EA}.DebugDLL|Win32.Build.0 = DebugDLL|Win32
		{E3C9A670-A7FD-41DD-8643-2716549513EA}.Release|Win32.ActiveCfg = Release|Win32
		{E3C9A670-A7FD-41DD-8643-2716549513EA}.Release|Win32.Build.0 = Release|Win32
		{E3C9A670-A7FD-41DD-8643-2716549513EA}.ReleaseDLL|Win32.ActiveCfg = ReleaseDLL|Win32
		{E3C9A670-A7FD-41DD-8643-2716549513EA}.ReleaseDLL|Win32.Build.0 = ReleaseDLL|Win32
		{83B30877-C351-48B9-830F-97D7B70F68B8}.Debug|Win32.ActiveCfg = Debug|Win32
		{83B30877-C351-48B9-830F-97D7B70F68B8}.Debug|Win32.Build.0 = Debug|Win32
		{83B30877-C351-48B9-830F-97D7B70F68B8}.DebugDLL|Win32.ActiveCfg = DebugDLL|Win32
		{83B30877-C351-48B9-830F-97D7B70F68B8}.DebugDLL|Win32.Build.0 = DebugDLL|Win32
		{83B30877-C351-48B9-830F-97D7B70F68B8}.Release|Win32.ActiveCfg = Release|Win32
		{83B30877-C351-48B9-830F-97D7B70F68B8}.Release|Win32.Build.0 = Release|Win32
		{83B30877-C351-48B9-830F-97D7B70F68B8}.ReleaseDLL|Win32.ActiveCfg = ReleaseDLL|Win32
		{83B30877-C351-48B9-830F-97D7B70F68B8}.ReleaseDLL|Win32.Build.0 = ReleaseDLL|Win32
		{3A89452C-AA97-4970-912B-4B9463DBD11F}.Debug|Win32.ActiveCfg = Debug|Win32
		{3A89452C-AA97-4970-912B-4B9463DBD11F}.Debug|Win32.Build.0 = Debug|Win32
		{3A89452C-AA97-4970-912B-4B9463DBD11F}.DebugDLL|Win32.ActiveCfg = Release|Win32
		{3A89452C-AA97-4970-912B-4B9463DBD11F}.DebugDLL|Win32.Build.0 = Release|Win32
		{3A89452C-AA97-4970-912B-4B9463DBD11F}.Release|Win32.ActiveCfg = Release|Win32
		{3A89452C-AA97-4970-912B-4B9463DBD11F}.Release|Win32.Build.0 = Release|Win32
		{3A89452C-AA97-4970-912B-4B9463DBD11F}.ReleaseDLL|Win32.ActiveCfg = Release|Win32
		{3A89452C-AA97-4970-912B-4B9463DBD11F}.ReleaseDLL|Win32.Build.0 = Release|Win32
		{1C05B8BF-D95E-4D73-AEDD-C01CC344AE06}.Debug|Win32.ActiveCfg = Debug|Win32
		{1C05B8BF-D95E-4D73-AEDD-C01CC344AE06}.Debug|Win32.Build.0 = Debug|Win32
		{1C05B8BF-D95E-4D73-AEDD-C01CC344AE06}.DebugDLL|Win32.ActiveCfg = Release|Win32
		{1C05B8BF-D95E-4D73-AEDD-C01CC344AE06}.DebugDLL|Win32.Build.0 = Release|Win32
		{1C05B8BF-D95E-4D73-AEDD-C01CC344AE06}.Release|Win32.ActiveCfg = Release|Win32
		{1C05B8BF-D95E-4D73-AEDD-C01CC344AE06}.Release|Win32.Build.0 = Release|Win32
		{1C05B8BF-D95E-4D73-AEDD-C01CC344AE06}.ReleaseDLL|Win32.ActiveCfg = Release|Win32
		{1C05B8BF-D95E-4D73-AEDD-C01CC344AE06}.ReleaseDLL|Win32.Build.0 = Release|Win32
		{3B256D4D-9328-4D03-A909-9F6F15CCDB4A}.Debug|Win32.ActiveCfg = Debug|Win32
		{3B256D4D-9328-4D03-A909-9F6F15CCDB4A}.Debug|Win32.Build.0 = Debug|Win32
		{3B256D4D-9328-4D03-A909-9F6F15CCDB4A}.DebugDLL|Win32.ActiveCfg = DebugDLL|Win32
		{3B256D4D-9328-4D03-A909-9F6F15CCDB4A}.DebugDLL|Win32.Build.0 = DebugDLL|Win32
		{3B256D4D-9328-4D03-A909-9F6F15CCDB4A}.Release|Win32.ActiveCfg = Release|Win32
		{3B256D4D-9328-4D03-A909-9F6F15CCDB4A}.Release|Win32.Build.0 = Release|Win32
		{3B256D4D-9328-4D03-A909-9F6F15CCDB4A}.ReleaseDLL|Win32.ActiveCfg = ReleaseDLL|Win32
		{3B256D4D-9328-4D03-A909-9F6F15CCDB4A}.ReleaseDLL|Win32.Build.0 = ReleaseDLL|Win32
		{DAC75A01-4299-4F6F-AE4A-3ECF0E5D66EC}.Debug|Win32.ActiveCfg = Debug|Win32
		{DAC75A01-4299-4F6F-AE4A-3ECF0E5D66EC}.Debug|Win32.Build.0 = Debug|Win32
		{DAC75A01-4299-4F6F-AE4A-3ECF0E5D66EC}.DebugDLL|Win32.ActiveCfg = DebugDLL|Win32
		{DAC75A01-4299-4F6F-AE4A-3ECF0E5D66EC}.DebugDLL|Win32.Build.0 = DebugDLL|Win32
		{DAC75A01-4299-4F6F-AE4A-3ECF0E5D66EC}.Release|Win32.ActiveCfg = Release|Win32
		{DAC75A01-4299-4F6F-AE4A-3ECF0E5D66EC}.Release|Win32.Build.0 = Release|Win32
		{DAC75A01-4299-4F6F-AE4A-3ECF0E5D66EC}.ReleaseDLL|Win32.ActiveCfg = ReleaseDLL|Win32
		{DAC75A01-4299-4F6F-AE4A-3ECF0E5D66EC}.ReleaseDLL|Win32.Build.0 = ReleaseDLL|Win32
		{F8C74CAD-1A3E-436D-ACD4-ABAA8EE1B649}.Debug|Win32.ActiveCfg = Debug|Win32
		{F8C74CAD-1A3E-436D-ACD4-ABAA8EE1B649}.Debug|Win32.Build.0 = Debug|Win32
		{F8C74CAD-1A3E-436D-ACD4-ABAA8EE1B649}.DebugDLL|Win32.ActiveCfg = DebugDLL|Win32
		{F8C74CAD-1A3E-436D-ACD4-ABAA8EE1B649}.DebugDLL|Win32.Build.0 = DebugDLL|Win32
		{F8C74CAD-1A3E-436D-ACD4-ABAA8EE1B649}.Release|Win32.ActiveCfg = Release|Win32
		{F8C74CAD-1A3E-436D-ACD4-ABAA8EE1B649}.Release|Win32.Build.0 = Release|Win32
		{F8C74CAD-1A3E-436D-ACD4-ABAA8EE1B649}.ReleaseDLL|Win32.ActiveCfg = ReleaseDLL|Win32
		{F8C74CAD-1A3E-436D-ACD4-ABAA8EE1B649}.ReleaseDLL|Win32.Build.0 = ReleaseDLL|Win32
		{D248CA56-0925-4734-AFAA-D12CA61AEF93}.Debug|Win32.ActiveCfg = Debug|Win32
		{D248CA56-0925-4734-AFAA-D12CA61AEF93}.Debug|Win32.Build.0 = Debug|Win32
		{D248CA56-0925-4734-AFAA-D12CA61AEF93}.DebugDLL|Win32.ActiveCfg = DebugDLL|Win32
		{D248CA56-0925-4734-AFAA-D12CA61AEF93}.DebugDLL|Win32.Build.0 = DebugDLL|Win32
		{D248CA56-0925-4734-AFAA-D12CA61AEF93}.Release|Win32.ActiveCfg = Release|Win32
		{D248CA56-0925-4734-AFAA-D12CA61AEF93}.Release|Win32.Build.0 = Release|Win32
		{D248CA56-0925-4734-AFAA-D12CA61AEF93}.ReleaseDLL|Win32.ActiveCfg = ReleaseDLL|Win32
		{D248CA56-0925-4734-AFAA-D12CA61AEF93}.ReleaseDLL|Win32.Build.0 = ReleaseDLL|Win32
		{C0E0163E-0F3F-45A4-B04B-190F152D1E86}.Debug|Win32.ActiveCfg = Debug|Win32
		{C0E0163E-0F3F-45A4-B04B-190F152D1E86}.Debug|Win32.Build.0 = Debug|Win32
		{C0E0163E-0F3F-45A4-B04B-190F152D1E86}.DebugDLL|Win32.ActiveCfg = DebugDLL|Win32
		{C0E0163E-0F3F-45A4-B04B-190F152D1E86}.DebugDLL|Win32.Build.0 = DebugDLL|Win32
		{C0E0163E-0F3F-45A4-B04B-190F152D1E86}.Release|Win32.ActiveCfg = Release|Win32
		{C0E0163E-0F3F-45A4-B04B-190F152D1E86}.Release|Win32.Build.0 = Release|Win32
		{C0E0163E-0F3F-45A4-B04B-190F152D1E86}.ReleaseDLL|Win32.ActiveCfg = ReleaseDLL|Win32
		{C0E0163E-0F3F-45A4-B04B-190F152D1E86}.ReleaseDLL|Win32.Build.0 = ReleaseDLL|Win32
		{DE65F857-A32D-4EA3-A161-C838773724B7}.Debug|Win32.ActiveCfg = Debug|Win32
		{DE65F857-A32D-4EA3-A161-C838773724B7}.Debug|Win32.Build.0 = Debug|Win32
		{DE65F857-A32D-4EA3-A161-C838773724B7}.DebugDLL|Win32.ActiveCfg = DebugDLL|Win32
		{DE65F857-A32D-4EA3-A161-C838773724B7}.DebugDLL|Win32.Build.0 = DebugDLL|Win32
		{DE65F857-A32D-4EA3-A161-C838773724B7}.Release|Win32.ActiveCfg = Release|Win32
		{DE65F857-A32D-4EA3-A161-C838773724B7}.Release|Win32.Build.0 = Release|Win32
		{DE65F857-A32D-4EA3-A161-C838773724B7}.ReleaseDLL|Win32.ActiveCfg = ReleaseDLL|Win32
		{DE65F857-A32D-4EA3-A161-C838773724B7}.ReleaseDLL|Win32.Build.0 = ReleaseDLL|Win32
		{B44416BF-AD63-4FEC-A288-DF5FCECD6717}.Debug|Win32.ActiveCfg = Debug|Win32
		{B44416BF-AD63-4FEC-A288-DF5FCECD6717}.Debug|Win32.Build.0 = Debug|Win32
		{B44416BF-AD63-4FEC-A288-DF5FCECD6717}.DebugDLL|Win32.ActiveCfg = Release|Win32
		{B44416BF-AD63-4FEC-A288-DF5FCECD6717}.Release|Win32.ActiveCfg = Release|Win32
		{B44416BF-AD63-4FEC-A288-DF5FCECD6717}.Release|Win32.Build.0 = Release|Win32
		{B44416BF-AD63-4FEC-A288-DF5FCECD6717}.ReleaseDLL|Win32.ActiveCfg = Release|Win32
		{83233B0B-3347-48D2-BA25-844F6D4E8A37}.Debug|Win32.ActiveCfg = Debug|Win32
		{83233B0B-3347-48D2-BA25-844F6D4E8A37}.Debug|Win32.Build.0 = Debug|Win32
		{83233B0B-3347-48D2-BA25-844F6D4E8A37}.DebugDLL|Win32.ActiveCfg = Release|Win32
		{83233B0B-3347-48D2-BA25-844F6D4E8A37}.Release|Win32.ActiveCfg = Release|Win32
		{83233B0B-3347-48D2-BA25-844F6D4E8A37}.Release|Win32.Build.0 = Release|Win32
		{83233B0B-3347-48D2-BA25-844F6D4E8A37}.ReleaseDLL|Win32.ActiveCfg = Release|Win32
		{26DED152-D34E-4492-9795-124948482D4F}.Debug|Win32.ActiveCfg = Debug|Win32
		{26DED152-D34E-4492-9795-124948482D4F}.Debug|Win32.Build.0 = Debug|Win32
		{26DED152-D34E-4492-9795-124948482D4F}.DebugDLL|Win32.ActiveCfg = Release|Win32
		{26DED152-D34E-4492-9795-124948482D4F}.Release|Win32.ActiveCfg = Release|Win32
		{26DED152-D34E-4492-9795-124948482D4F}.Release|Win32.Build.0 = Release|Win32
		{26DED152-D34E-4492-9795-124948482D4F}.ReleaseDLL|Win32.ActiveCfg = Release|Win32
		{1DBB72C9-7F20-410E-9F61-1C7BA221F05A}.Debug|Win32.ActiveCfg = Debug|Win32
		{1DBB72C9-7F20-410E-9F61-1C7BA221F05A}.Debug|Win32.Build.0 = Debug|Win32
		{1DBB72C9-7F20-410E-9F61-1C7BA221F05A}.DebugDLL|Win32.ActiveCfg = Release|Win32
		{1DBB72C9-7F20-410E-9F61-1C7BA221F05A}.Release|Win32.ActiveCfg = Release|Win32
		{1DBB72C9-7F20-410E-9F61-1C7BA221F05A}.Release|Win32.Build.0 = Release|Win32
		{1DBB72C9-7F20-410E-9F61-1C7BA221F05A}.ReleaseDLL|Win32.ActiveCfg = Release|Win32
		{A09844B0-7C10-4A5D-9CE4-1C9267A0200D}.Debug|Win32.ActiveCfg = Debug|Win32
		{A09844B0-7C10-4A5D-9CE4-1C9267A0200D}.Debug|Win32.Build.0 = Debug|Win32
		{A09844B0-7C10-4A5D-9CE4-1C9267A0200D}.DebugDLL|Win32.ActiveCfg = Release|Win32
		{A09844B0-7C10-4A5D-9CE4-1C9267A0200D}.Release|Win32.ActiveCfg = Release|Win32
		{A09844B0-7C10-4A5D-9CE4-1C9267A0200D}.Release|Win32.Build.0 = Release|Win32
		{A09844B0-7C10-4A5D-9CE4-1C9267A0200D}.ReleaseDLL|Win32.ActiveCfg = Release|Win32
		{DBF1414A-A3F5-4776-8E66-771A0A764C5A}.Debug|Win32.ActiveCfg = Debug|Win32
		{DBF1414A-A3F5-4776-8E66-771A0A764C5A}.Debug|Win32.Build.0 = Debug|Win32
		{DBF1414A-A3F5-4776-8E66-771A0A764C5A}.DebugDLL|Win32.ActiveCfg = Release|Win32
		{DBF1414A-A3F5-4776-8E66-771A0A764C5A}.Release|Win32.ActiveCfg = Release|Win32
		{DBF1414A-A3F5-4776-8E66-771A0A764C5A}.Release|Win32.Build.0 = Release|Win32
		{DBF1414A-A3F5-4776-8E66-771A0A764C5A}.ReleaseDLL|Win32.ActiveCfg = Release|Win32
		{497BEFA3-A4D8-43C7-BDB1-B003C30926CB}.Debug|Win32.ActiveCfg = Debug|Win32
		{497BEFA3-A4D8-43C7-BDB1-B003C30926CB}.Debug|Win32.Build.0 = Debug|Win32
		{497BEFA3-A4D8-43C7-BDB1-B003C30926CB}.DebugDLL|Win32.ActiveCfg = Release|Win32
		{497BEFA3-A4D8-43C7-BDB1-B003C30926CB}.Release|Win32.ActiveCfg = Release|Win32
		{497BEFA3-A4D8-43C7-BDB1-B003C30926CB}.Release|Win32.Build.0 = Release|Win32
		{497BEFA3-A4D8-43C7-BDB1-B003C30926CB}.ReleaseDLL|Win32.ActiveCfg = Release|Win32
		{0FD42820-F920-4296-9796-DFE023EC320E}.Debug|Win32.ActiveCfg = Debug|Win32
		{0FD42820-F920-4296-9796-DFE023EC320E}.Debug|Win32.Build.0 = Debug|Win32
		{0FD42820-F920-4296-9796-DFE023EC320E}.DebugDLL|Win32.ActiveCfg = Release|Win32
		{0FD42820-F920-4296-9796-DFE023EC320E}.Release|Win32.ActiveCfg = Release|Win32
		{0FD42820-F920-4296-9796-DFE023EC320E}.Release|Win32.Build.0 = Release|Win32
		{0FD42820-F920-4296-9796-DFE023EC320E}.ReleaseDLL|Win32.ActiveCfg = Release|Win32
		{4AAAC6C2-EECF-43A1-AA21-20AA5255BEE0}.Debug|Win32.ActiveCfg = Debug|Win32
		{4AAAC6C2-EECF-43A1-AA21-20AA5255BEE0}.Debug|Win32.Build.0 = Debug|Win32
		{4AAAC6C2-EECF-43A1-AA21-20AA5255BEE0}.DebugDLL|Win32.ActiveCfg = DebugDLL|Win32
		{4AAAC6C2-EECF-43A1-AA21-20AA5255BEE0}.DebugDLL|Win32.Build.0 = DebugDLL|Win32
		{4AAAC6C2-EECF-43A1-AA21-20AA5255BEE0}.Release|Win32.ActiveCfg = Release|Win32
		{4AAAC6C2-EECF-43A1-AA21-20AA5255BEE0}.Release|Win32.Build.0 = Release|Win32
		{4AAAC6C2-EECF-43A1-AA21-20AA5255BEE0}.ReleaseDLL|Win32.ActiveCfg = ReleaseDLL|Win32
		{4AAAC6C2-EECF-43A1-AA21-20AA5255BEE0}.ReleaseDLL|Win32.Build.0 = ReleaseDLL|Win32
	EndGlobalSection
	GlobalSection(SolutionProperties) = preSolution
		HideSolutionNode = FALSE
	EndGlobalSection
EndGlobal
