Microsoft Visual Studio Solution File, Format Version 10.00
# Visual Studio 2008
Project("{8BC9CEB8-8B4A-11D0-8D11-00A0C91BC942}") = "allf90examples", "allf90examples.vcproj", "{D493CF06-423A-4FA5-8B3F-416C2EDAFF2B}"
	ProjectSection(ProjectDependencies) = postProject
		{4F759F00-49B0-4D26-8BC7-D5D8F46449DA} = {4F759F00-49B0-4D26-8BC7-D5D8F46449DA}
		{1C947503-FBCF-497C-8187-06753D98310E} = {1C947503-FBCF-497C-8187-06753D98310E}
		{61326004-1964-4AF8-BDAA-72E5B60D9461} = {61326004-1964-4AF8-BDAA-72E5B60D9461}
		{88C33906-49D8-4935-AEBE-ED7914F5A560} = {88C33906-49D8-4935-AEBE-ED7914F5A560}
		{8E77A110-6979-4EC2-8F51-0C5A39D1E252} = {8E77A110-6979-4EC2-8F51-0C5A39D1E252}
		{CEB17C16-6EB8-41BB-9106-DE347F93E4C2} = {CEB17C16-6EB8-41BB-9106-DE347F93E4C2}
		{7FF39A16-7267-4F9D-9FD4-B4210C6765CA} = {7FF39A16-7267-4F9D-9FD4-B4210C6765CA}
		{B91A6B1D-9D91-4A87-BF65-38A06CBB617E} = {B91A6B1D-9D91-4A87-BF65-38A06CBB617E}
		{713B7E1F-E427-4C2A-AD4E-94333DAEF40F} = {713B7E1F-E427-4C2A-AD4E-94333DAEF40F}
		{ADB89924-2596-461A-B292-1DDF3B4C4886} = {ADB89924-2596-461A-B292-1DDF3B4C4886}
		{ACAB0626-1CB5-4875-A4EC-41E526A3ABDB} = {ACAB0626-1CB5-4875-A4EC-41E526A3ABDB}
		{9A618A3F-C1C0-4CCD-8E15-55AFB0739570} = {9A618A3F-C1C0-4CCD-8E15-55AFB0739570}
		{E1DB2E47-2349-446B-9900-7D03216A0D40} = {E1DB2E47-2349-446B-9900-7D03216A0D40}
		{01B14851-65CA-46C7-8C70-C2D5B206A734} = {01B14851-65CA-46C7-8C70-C2D5B206A734}
		{D582215A-A02A-4C07-87FB-952AA84C7079} = {D582215A-A02A-4C07-87FB-952AA84C7079}
		{0FBBFD67-446A-4284-A311-9EA88AF40F28} = {0FBBFD67-446A-4284-A311-9EA88AF40F28}
		{0010346D-C44B-4BD1-BFC2-6C2D2514D28B} = {0010346D-C44B-4BD1-BFC2-6C2D2514D28B}
		{A3B71170-1FA4-414F-9836-0F219462D70F} = {A3B71170-1FA4-414F-9836-0F219462D70F}
		{1E502386-5469-4FE2-AFD0-9E5B162A9E2D} = {1E502386-5469-4FE2-AFD0-9E5B162A9E2D}
		{89ABA5B1-B1F0-4444-AB54-DE45BCE2F27A} = {89ABA5B1-B1F0-4444-AB54-DE45BCE2F27A}
		{7F95DFBC-E6B9-4619-A42E-D2964F79AD2C} = {7F95DFBC-E6B9-4619-A42E-D2964F79AD2C}
		{548239C5-BBC2-4823-9CF4-E8C16587D634} = {548239C5-BBC2-4823-9CF4-E8C16587D634}
		{BAE94BC5-4FC8-4C43-A626-17AC800527C5} = {BAE94BC5-4FC8-4C43-A626-17AC800527C5}
		{98622AD2-2BAD-402B-8D7D-75D95A4085C7} = {98622AD2-2BAD-402B-8D7D-75D95A4085C7}
		{235C71DB-BFFC-4EEB-B586-CADFE873E786} = {235C71DB-BFFC-4EEB-B586-CADFE873E786}
		{D8D98ADF-8DC6-49F2-91AC-ECBAAAB1BB0E} = {D8D98ADF-8DC6-49F2-91AC-ECBAAAB1BB0E}
		{BEBA82E0-3BE9-4BE6-8BD4-B9378FAD5520} = {BEBA82E0-3BE9-4BE6-8BD4-B9378FAD5520}
		{3E1B6AF4-37F1-493D-9DA2-6BFCB1C2EFD9} = {3E1B6AF4-37F1-493D-9DA2-6BFCB1C2EFD9}
	EndProjectSection
EndProject
Project("{6989167D-11E4-40FE-8C1A-2192A86A7E90}") = "attreexampletest", "..\attreexampletest\attreexampletest.vfproj", "{8E77A110-6979-4EC2-8F51-0C5A39D1E252}"
EndProject
Project("{6989167D-11E4-40FE-8C1A-2192A86A7E90}") = "attreexampletestdll", "..\attreexampletestdll\attreexampletestdll.vfproj", "{D582215A-A02A-4C07-87FB-952AA84C7079}"
EndProject
Project("{6989167D-11E4-40FE-8C1A-2192A86A7E90}") = "compoundtest", "..\compoundtest\compoundtest.vfproj", "{CEB17C16-6EB8-41BB-9106-DE347F93E4C2}"
EndProject
Project("{6989167D-11E4-40FE-8C1A-2192A86A7E90}") = "compoundtestdll", "..\compoundtestdll\compoundtestdll.vfproj", "{BEBA82E0-3BE9-4BE6-8BD4-B9378FAD5520}"
EndProject
Project("{6989167D-11E4-40FE-8C1A-2192A86A7E90}") = "dsetexampletest", "..\dsetexampletest\dsetexampletest.vfproj", "{D8D98ADF-8DC6-49F2-91AC-ECBAAAB1BB0E}"
EndProject
Project("{6989167D-11E4-40FE-8C1A-2192A86A7E90}") = "dsetexampletestdll", "..\dsetexampletestdll\dsetexampletestdll.vfproj", "{9A618A3F-C1C0-4CCD-8E15-55AFB0739570}"
EndProject
Project("{6989167D-11E4-40FE-8C1A-2192A86A7E90}") = "fileexampletest", "..\fileexampletest\fileexampletest.vfproj", "{1C947503-FBCF-497C-8187-06753D98310E}"
EndProject
Project("{6989167D-11E4-40FE-8C1A-2192A86A7E90}") = "fileexampletestdll", "..\fileexampletestdll\fileexampletestdll.vfproj", "{ADB89924-2596-461A-B292-1DDF3B4C4886}"
EndProject
Project("{6989167D-11E4-40FE-8C1A-2192A86A7E90}") = "groupexampletest", "..\groupexampletest\groupexampletest.vfproj", "{98622AD2-2BAD-402B-8D7D-75D95A4085C7}"
EndProject
Project("{6989167D-11E4-40FE-8C1A-2192A86A7E90}") = "groupexampletestdll", "..\groupexampletestdll\groupexampletestdll.vfproj", "{713B7E1F-E427-4C2A-AD4E-94333DAEF40F}"
EndProject
Project("{6989167D-11E4-40FE-8C1A-2192A86A7E90}") = "grpdsetexampletest", "..\grpdsetexampletest\grpdsetexampletest.vfproj", "{548239C5-BBC2-4823-9CF4-E8C16587D634}"
EndProject
Project("{6989167D-11E4-40FE-8C1A-2192A86A7E90}") = "grpdsetexampletestdll", "..\grpdsetexampletestdll\grpdsetexampletestdll.vfproj", "{235C71DB-BFFC-4EEB-B586-CADFE873E786}"
EndProject
Project("{6989167D-11E4-40FE-8C1A-2192A86A7E90}") = "grpittest", "..\grpittest\grpittest.vfproj", "{4F759F00-49B0-4D26-8BC7-D5D8F46449DA}"
EndProject
Project("{6989167D-11E4-40FE-8C1A-2192A86A7E90}") = "grpittestdll", "..\grpittestdll\grpittestdll.vfproj", "{7FF39A16-7267-4F9D-9FD4-B4210C6765CA}"
EndProject
Project("{6989167D-11E4-40FE-8C1A-2192A86A7E90}") = "grpsexampletest", "..\grpsexampletest\grpsexampletest.vfproj", "{61326004-1964-4AF8-BDAA-72E5B60D9461}"
EndProject
Project("{6989167D-11E4-40FE-8C1A-2192A86A7E90}") = "grpsexampletestdll", "..\grpsexampletestdll\grpsexampletestdll.vfproj", "{A3B71170-1FA4-414F-9836-0F219462D70F}"
EndProject
Project("{6989167D-11E4-40FE-8C1A-2192A86A7E90}") = "hyperslabtest", "..\hyperslabtest\hyperslabtest.vfproj", "{BAE94BC5-4FC8-4C43-A626-17AC800527C5}"
EndProject
Project("{6989167D-11E4-40FE-8C1A-2192A86A7E90}") = "hyperslabtestdll", "..\hyperslabtestdll\hyperslabtestdll.vfproj", "{3E1B6AF4-37F1-493D-9DA2-6BFCB1C2EFD9}"
EndProject
Project("{6989167D-11E4-40FE-8C1A-2192A86A7E90}") = "mountexampletest", "..\mountexampletest\mountexampletest.vfproj", "{B91A6B1D-9D91-4A87-BF65-38A06CBB617E}"
EndProject
Project("{6989167D-11E4-40FE-8C1A-2192A86A7E90}") = "mountexampletestdll", "..\mountexampletestdll\mountexampletestdll.vfproj", "{01B14851-65CA-46C7-8C70-C2D5B206A734}"
EndProject
Project("{6989167D-11E4-40FE-8C1A-2192A86A7E90}") = "refobjexampletest", "..\refobjexampletest\refobjexampletest.vfproj", "{E1DB2E47-2349-446B-9900-7D03216A0D40}"
EndProject
Project("{6989167D-11E4-40FE-8C1A-2192A86A7E90}") = "refobjexampletestdll", "..\refobjexampletestdll\refobjexampletestdll.vfproj", "{1E502386-5469-4FE2-AFD0-9E5B162A9E2D}"
EndProject
Project("{6989167D-11E4-40FE-8C1A-2192A86A7E90}") = "refregexampletest", "..\refregexampletest\refregexampletest.vfproj", "{7F95DFBC-E6B9-4619-A42E-D2964F79AD2C}"
EndProject
Project("{6989167D-11E4-40FE-8C1A-2192A86A7E90}") = "refregexampletestdll", "..\refregexampletestdll\refregexampletestdll.vfproj", "{0FBBFD67-446A-4284-A311-9EA88AF40F28}"
EndProject
Project("{6989167D-11E4-40FE-8C1A-2192A86A7E90}") = "rwdsetexampletest", "..\rwdsetexampletest\rwdsetexampletest.vfproj", "{89ABA5B1-B1F0-4444-AB54-DE45BCE2F27A}"
EndProject
Project("{6989167D-11E4-40FE-8C1A-2192A86A7E90}") = "rwdsetexampletestdll", "..\rwdsetexampletestdll\rwdsetexampletestdll.vfproj", "{88C33906-49D8-4935-AEBE-ED7914F5A560}"
EndProject
Project("{6989167D-11E4-40FE-8C1A-2192A86A7E90}") = "selecteletest", "..\selecteletest\selecteletest.vfproj", "{0010346D-C44B-4BD1-BFC2-6C2D2514D28B}"
EndProject
Project("{6989167D-11E4-40FE-8C1A-2192A86A7E90}") = "selecteletestdll", "..\selecteletestdll\selecteletestdll.vfproj", "{ACAB0626-1CB5-4875-A4EC-41E526A3ABDB}"
EndProject
Global
	GlobalSection(SolutionConfigurationPlatforms) = preSolution
		Debug|Win32 = Debug|Win32
		Debug|x64 = Debug|x64
		Release|Win32 = Release|Win32
		Release|x64 = Release|x64
	EndGlobalSection
	GlobalSection(ProjectConfigurationPlatforms) = postSolution
		{D493CF06-423A-4FA5-8B3F-416C2EDAFF2B}.Debug|Win32.ActiveCfg = Debug|Win32
		{D493CF06-423A-4FA5-8B3F-416C2EDAFF2B}.Debug|Win32.Build.0 = Debug|Win32
		{D493CF06-423A-4FA5-8B3F-416C2EDAFF2B}.Debug|x64.ActiveCfg = Debug|x64
		{D493CF06-423A-4FA5-8B3F-416C2EDAFF2B}.Debug|x64.Build.0 = Debug|x64
		{D493CF06-423A-4FA5-8B3F-416C2EDAFF2B}.Release|Win32.ActiveCfg = Release|Win32
		{D493CF06-423A-4FA5-8B3F-416C2EDAFF2B}.Release|Win32.Build.0 = Release|Win32
		{D493CF06-423A-4FA5-8B3F-416C2EDAFF2B}.Release|x64.ActiveCfg = Release|x64
		{D493CF06-423A-4FA5-8B3F-416C2EDAFF2B}.Release|x64.Build.0 = Release|x64
		{8E77A110-6979-4EC2-8F51-0C5A39D1E252}.Debug|Win32.ActiveCfg = Debug|Win32
		{8E77A110-6979-4EC2-8F51-0C5A39D1E252}.Debug|Win32.Build.0 = Debug|Win32
		{8E77A110-6979-4EC2-8F51-0C5A39D1E252}.Debug|x64.ActiveCfg = Debug|x64
		{8E77A110-6979-4EC2-8F51-0C5A39D1E252}.Debug|x64.Build.0 = Debug|x64
		{8E77A110-6979-4EC2-8F51-0C5A39D1E252}.Release|Win32.ActiveCfg = Release|Win32
		{8E77A110-6979-4EC2-8F51-0C5A39D1E252}.Release|Win32.Build.0 = Release|Win32
		{8E77A110-6979-4EC2-8F51-0C5A39D1E252}.Release|x64.ActiveCfg = Release|x64
		{8E77A110-6979-4EC2-8F51-0C5A39D1E252}.Release|x64.Build.0 = Release|x64
		{D582215A-A02A-4C07-87FB-952AA84C7079}.Debug|Win32.ActiveCfg = Debug|Win32
		{D582215A-A02A-4C07-87FB-952AA84C7079}.Debug|Win32.Build.0 = Debug|Win32
		{D582215A-A02A-4C07-87FB-952AA84C7079}.Debug|x64.ActiveCfg = Debug|x64
		{D582215A-A02A-4C07-87FB-952AA84C7079}.Debug|x64.Build.0 = Debug|x64
		{D582215A-A02A-4C07-87FB-952AA84C7079}.Release|Win32.ActiveCfg = Release|Win32
		{D582215A-A02A-4C07-87FB-952AA84C7079}.Release|Win32.Build.0 = Release|Win32
		{D582215A-A02A-4C07-87FB-952AA84C7079}.Release|x64.ActiveCfg = Release|x64
		{D582215A-A02A-4C07-87FB-952AA84C7079}.Release|x64.Build.0 = Release|x64
		{CEB17C16-6EB8-41BB-9106-DE347F93E4C2}.Debug|Win32.ActiveCfg = Debug|Win32
		{CEB17C16-6EB8-41BB-9106-DE347F93E4C2}.Debug|Win32.Build.0 = Debug|Win32
		{CEB17C16-6EB8-41BB-9106-DE347F93E4C2}.Debug|x64.ActiveCfg = Debug|x64
		{CEB17C16-6EB8-41BB-9106-DE347F93E4C2}.Debug|x64.Build.0 = Debug|x64
		{CEB17C16-6EB8-41BB-9106-DE347F93E4C2}.Release|Win32.ActiveCfg = Release|Win32
		{CEB17C16-6EB8-41BB-9106-DE347F93E4C2}.Release|Win32.Build.0 = Release|Win32
		{CEB17C16-6EB8-41BB-9106-DE347F93E4C2}.Release|x64.ActiveCfg = Release|x64
		{CEB17C16-6EB8-41BB-9106-DE347F93E4C2}.Release|x64.Build.0 = Release|x64
		{BEBA82E0-3BE9-4BE6-8BD4-B9378FAD5520}.Debug|Win32.ActiveCfg = Debug|Win32
		{BEBA82E0-3BE9-4BE6-8BD4-B9378FAD5520}.Debug|Win32.Build.0 = Debug|Win32
		{BEBA82E0-3BE9-4BE6-8BD4-B9378FAD5520}.Debug|x64.ActiveCfg = Debug|x64
		{BEBA82E0-3BE9-4BE6-8BD4-B9378FAD5520}.Debug|x64.Build.0 = Debug|x64
		{BEBA82E0-3BE9-4BE6-8BD4-B9378FAD5520}.Release|Win32.ActiveCfg = Release|Win32
		{BEBA82E0-3BE9-4BE6-8BD4-B9378FAD5520}.Release|Win32.Build.0 = Release|Win32
		{BEBA82E0-3BE9-4BE6-8BD4-B9378FAD5520}.Release|x64.ActiveCfg = Release|x64
		{BEBA82E0-3BE9-4BE6-8BD4-B9378FAD5520}.Release|x64.Build.0 = Release|x64
		{D8D98ADF-8DC6-49F2-91AC-ECBAAAB1BB0E}.Debug|Win32.ActiveCfg = Debug|Win32
		{D8D98ADF-8DC6-49F2-91AC-ECBAAAB1BB0E}.Debug|Win32.Build.0 = Debug|Win32
		{D8D98ADF-8DC6-49F2-91AC-ECBAAAB1BB0E}.Debug|x64.ActiveCfg = Debug|x64
		{D8D98ADF-8DC6-49F2-91AC-ECBAAAB1BB0E}.Debug|x64.Build.0 = Debug|x64
		{D8D98ADF-8DC6-49F2-91AC-ECBAAAB1BB0E}.Release|Win32.ActiveCfg = Release|Win32
		{D8D98ADF-8DC6-49F2-91AC-ECBAAAB1BB0E}.Release|Win32.Build.0 = Release|Win32
		{D8D98ADF-8DC6-49F2-91AC-ECBAAAB1BB0E}.Release|x64.ActiveCfg = Release|x64
		{D8D98ADF-8DC6-49F2-91AC-ECBAAAB1BB0E}.Release|x64.Build.0 = Release|x64
		{9A618A3F-C1C0-4CCD-8E15-55AFB0739570}.Debug|Win32.ActiveCfg = Debug|Win32
		{9A618A3F-C1C0-4CCD-8E15-55AFB0739570}.Debug|Win32.Build.0 = Debug|Win32
		{9A618A3F-C1C0-4CCD-8E15-55AFB0739570}.Debug|x64.ActiveCfg = Debug|x64
		{9A618A3F-C1C0-4CCD-8E15-55AFB0739570}.Debug|x64.Build.0 = Debug|x64
		{9A618A3F-C1C0-4CCD-8E15-55AFB0739570}.Release|Win32.ActiveCfg = Release|Win32
		{9A618A3F-C1C0-4CCD-8E15-55AFB0739570}.Release|Win32.Build.0 = Release|Win32
		{9A618A3F-C1C0-4CCD-8E15-55AFB0739570}.Release|x64.ActiveCfg = Release|x64
		{9A618A3F-C1C0-4CCD-8E15-55AFB0739570}.Release|x64.Build.0 = Release|x64
		{1C947503-FBCF-497C-8187-06753D98310E}.Debug|Win32.ActiveCfg = Debug|Win32
		{1C947503-FBCF-497C-8187-06753D98310E}.Debug|Win32.Build.0 = Debug|Win32
		{1C947503-FBCF-497C-8187-06753D98310E}.Debug|x64.ActiveCfg = Debug|x64
		{1C947503-FBCF-497C-8187-06753D98310E}.Debug|x64.Build.0 = Debug|x64
		{1C947503-FBCF-497C-8187-06753D98310E}.Release|Win32.ActiveCfg = Release|Win32
		{1C947503-FBCF-497C-8187-06753D98310E}.Release|Win32.Build.0 = Release|Win32
		{1C947503-FBCF-497C-8187-06753D98310E}.Release|x64.ActiveCfg = Release|x64
		{1C947503-FBCF-497C-8187-06753D98310E}.Release|x64.Build.0 = Release|x64
		{ADB89924-2596-461A-B292-1DDF3B4C4886}.Debug|Win32.ActiveCfg = Debug|Win32
		{ADB89924-2596-461A-B292-1DDF3B4C4886}.Debug|Win32.Build.0 = Debug|Win32
		{ADB89924-2596-461A-B292-1DDF3B4C4886}.Debug|x64.ActiveCfg = Debug|x64
		{ADB89924-2596-461A-B292-1DDF3B4C4886}.Debug|x64.Build.0 = Debug|x64
		{ADB89924-2596-461A-B292-1DDF3B4C4886}.Release|Win32.ActiveCfg = Release|Win32
		{ADB89924-2596-461A-B292-1DDF3B4C4886}.Release|Win32.Build.0 = Release|Win32
		{ADB89924-2596-461A-B292-1DDF3B4C4886}.Release|x64.ActiveCfg = Release|x64
		{ADB89924-2596-461A-B292-1DDF3B4C4886}.Release|x64.Build.0 = Release|x64
		{98622AD2-2BAD-402B-8D7D-75D95A4085C7}.Debug|Win32.ActiveCfg = Debug|Win32
		{98622AD2-2BAD-402B-8D7D-75D95A4085C7}.Debug|Win32.Build.0 = Debug|Win32
		{98622AD2-2BAD-402B-8D7D-75D95A4085C7}.Debug|x64.ActiveCfg = Debug|x64
		{98622AD2-2BAD-402B-8D7D-75D95A4085C7}.Debug|x64.Build.0 = Debug|x64
		{98622AD2-2BAD-402B-8D7D-75D95A4085C7}.Release|Win32.ActiveCfg = Release|Win32
		{98622AD2-2BAD-402B-8D7D-75D95A4085C7}.Release|Win32.Build.0 = Release|Win32
		{98622AD2-2BAD-402B-8D7D-75D95A4085C7}.Release|x64.ActiveCfg = Release|x64
		{98622AD2-2BAD-402B-8D7D-75D95A4085C7}.Release|x64.Build.0 = Release|x64
		{713B7E1F-E427-4C2A-AD4E-94333DAEF40F}.Debug|Win32.ActiveCfg = Debug|Win32
		{713B7E1F-E427-4C2A-AD4E-94333DAEF40F}.Debug|Win32.Build.0 = Debug|Win32
		{713B7E1F-E427-4C2A-AD4E-94333DAEF40F}.Debug|x64.ActiveCfg = Debug|x64
		{713B7E1F-E427-4C2A-AD4E-94333DAEF40F}.Debug|x64.Build.0 = Debug|x64
		{713B7E1F-E427-4C2A-AD4E-94333DAEF40F}.Release|Win32.ActiveCfg = Release|Win32
		{713B7E1F-E427-4C2A-AD4E-94333DAEF40F}.Release|Win32.Build.0 = Release|Win32
		{713B7E1F-E427-4C2A-AD4E-94333DAEF40F}.Release|x64.ActiveCfg = Release|x64
		{713B7E1F-E427-4C2A-AD4E-94333DAEF40F}.Release|x64.Build.0 = Release|x64
		{548239C5-BBC2-4823-9CF4-E8C16587D634}.Debug|Win32.ActiveCfg = Debug|Win32
		{548239C5-BBC2-4823-9CF4-E8C16587D634}.Debug|Win32.Build.0 = Debug|Win32
		{548239C5-BBC2-4823-9CF4-E8C16587D634}.Debug|x64.ActiveCfg = Debug|x64
		{548239C5-BBC2-4823-9CF4-E8C16587D634}.Debug|x64.Build.0 = Debug|x64
		{548239C5-BBC2-4823-9CF4-E8C16587D634}.Release|Win32.ActiveCfg = Release|Win32
		{548239C5-BBC2-4823-9CF4-E8C16587D634}.Release|Win32.Build.0 = Release|Win32
		{548239C5-BBC2-4823-9CF4-E8C16587D634}.Release|x64.ActiveCfg = Release|x64
		{548239C5-BBC2-4823-9CF4-E8C16587D634}.Release|x64.Build.0 = Release|x64
		{235C71DB-BFFC-4EEB-B586-CADFE873E786}.Debug|Win32.ActiveCfg = Debug|Win32
		{235C71DB-BFFC-4EEB-B586-CADFE873E786}.Debug|Win32.Build.0 = Debug|Win32
		{235C71DB-BFFC-4EEB-B586-CADFE873E786}.Debug|x64.ActiveCfg = Debug|x64
		{235C71DB-BFFC-4EEB-B586-CADFE873E786}.Debug|x64.Build.0 = Debug|x64
		{235C71DB-BFFC-4EEB-B586-CADFE873E786}.Release|Win32.ActiveCfg = Release|Win32
		{235C71DB-BFFC-4EEB-B586-CADFE873E786}.Release|Win32.Build.0 = Release|Win32
		{235C71DB-BFFC-4EEB-B586-CADFE873E786}.Release|x64.ActiveCfg = Release|x64
		{235C71DB-BFFC-4EEB-B586-CADFE873E786}.Release|x64.Build.0 = Release|x64
		{4F759F00-49B0-4D26-8BC7-D5D8F46449DA}.Debug|Win32.ActiveCfg = Debug|Win32
		{4F759F00-49B0-4D26-8BC7-D5D8F46449DA}.Debug|Win32.Build.0 = Debug|Win32
		{4F759F00-49B0-4D26-8BC7-D5D8F46449DA}.Debug|x64.ActiveCfg = Debug|x64
		{4F759F00-49B0-4D26-8BC7-D5D8F46449DA}.Debug|x64.Build.0 = Debug|x64
		{4F759F00-49B0-4D26-8BC7-D5D8F46449DA}.Release|Win32.ActiveCfg = Release|Win32
		{4F759F00-49B0-4D26-8BC7-D5D8F46449DA}.Release|Win32.Build.0 = Release|Win32
		{4F759F00-49B0-4D26-8BC7-D5D8F46449DA}.Release|x64.ActiveCfg = Release|x64
		{4F759F00-49B0-4D26-8BC7-D5D8F46449DA}.Release|x64.Build.0 = Release|x64
		{7FF39A16-7267-4F9D-9FD4-B4210C6765CA}.Debug|Win32.ActiveCfg = Debug|Win32
		{7FF39A16-7267-4F9D-9FD4-B4210C6765CA}.Debug|Win32.Build.0 = Debug|Win32
		{7FF39A16-7267-4F9D-9FD4-B4210C6765CA}.Debug|x64.ActiveCfg = Debug|x64
		{7FF39A16-7267-4F9D-9FD4-B4210C6765CA}.Debug|x64.Build.0 = Debug|x64
		{7FF39A16-7267-4F9D-9FD4-B4210C6765CA}.Release|Win32.ActiveCfg = Release|Win32
		{7FF39A16-7267-4F9D-9FD4-B4210C6765CA}.Release|Win32.Build.0 = Release|Win32
		{7FF39A16-7267-4F9D-9FD4-B4210C6765CA}.Release|x64.ActiveCfg = Release|x64
		{7FF39A16-7267-4F9D-9FD4-B4210C6765CA}.Release|x64.Build.0 = Release|x64
		{61326004-1964-4AF8-BDAA-72E5B60D9461}.Debug|Win32.ActiveCfg = Debug|Win32
		{61326004-1964-4AF8-BDAA-72E5B60D9461}.Debug|Win32.Build.0 = Debug|Win32
		{61326004-1964-4AF8-BDAA-72E5B60D9461}.Debug|x64.ActiveCfg = Debug|x64
		{61326004-1964-4AF8-BDAA-72E5B60D9461}.Debug|x64.Build.0 = Debug|x64
		{61326004-1964-4AF8-BDAA-72E5B60D9461}.Release|Win32.ActiveCfg = Release|Win32
		{61326004-1964-4AF8-BDAA-72E5B60D9461}.Release|Win32.Build.0 = Release|Win32
		{61326004-1964-4AF8-BDAA-72E5B60D9461}.Release|x64.ActiveCfg = Release|x64
		{61326004-1964-4AF8-BDAA-72E5B60D9461}.Release|x64.Build.0 = Release|x64
		{A3B71170-1FA4-414F-9836-0F219462D70F}.Debug|Win32.ActiveCfg = Debug|Win32
		{A3B71170-1FA4-414F-9836-0F219462D70F}.Debug|Win32.Build.0 = Debug|Win32
		{A3B71170-1FA4-414F-9836-0F219462D70F}.Debug|x64.ActiveCfg = Debug|x64
		{A3B71170-1FA4-414F-9836-0F219462D70F}.Debug|x64.Build.0 = Debug|x64
		{A3B71170-1FA4-414F-9836-0F219462D70F}.Release|Win32.ActiveCfg = Release|Win32
		{A3B71170-1FA4-414F-9836-0F219462D70F}.Release|Win32.Build.0 = Release|Win32
		{A3B71170-1FA4-414F-9836-0F219462D70F}.Release|x64.ActiveCfg = Release|x64
		{A3B71170-1FA4-414F-9836-0F219462D70F}.Release|x64.Build.0 = Release|x64
		{BAE94BC5-4FC8-4C43-A626-17AC800527C5}.Debug|Win32.ActiveCfg = Debug|Win32
		{BAE94BC5-4FC8-4C43-A626-17AC800527C5}.Debug|Win32.Build.0 = Debug|Win32
		{BAE94BC5-4FC8-4C43-A626-17AC800527C5}.Debug|x64.ActiveCfg = Debug|x64
		{BAE94BC5-4FC8-4C43-A626-17AC800527C5}.Debug|x64.Build.0 = Debug|x64
		{BAE94BC5-4FC8-4C43-A626-17AC800527C5}.Release|Win32.ActiveCfg = Release|Win32
		{BAE94BC5-4FC8-4C43-A626-17AC800527C5}.Release|Win32.Build.0 = Release|Win32
		{BAE94BC5-4FC8-4C43-A626-17AC800527C5}.Release|x64.ActiveCfg = Release|x64
		{BAE94BC5-4FC8-4C43-A626-17AC800527C5}.Release|x64.Build.0 = Release|x64
		{3E1B6AF4-37F1-493D-9DA2-6BFCB1C2EFD9}.Debug|Win32.ActiveCfg = Debug|Win32
		{3E1B6AF4-37F1-493D-9DA2-6BFCB1C2EFD9}.Debug|Win32.Build.0 = Debug|Win32
		{3E1B6AF4-37F1-493D-9DA2-6BFCB1C2EFD9}.Debug|x64.ActiveCfg = Debug|x64
		{3E1B6AF4-37F1-493D-9DA2-6BFCB1C2EFD9}.Debug|x64.Build.0 = Debug|x64
		{3E1B6AF4-37F1-493D-9DA2-6BFCB1C2EFD9}.Release|Win32.ActiveCfg = Release|Win32
		{3E1B6AF4-37F1-493D-9DA2-6BFCB1C2EFD9}.Release|Win32.Build.0 = Release|Win32
		{3E1B6AF4-37F1-493D-9DA2-6BFCB1C2EFD9}.Release|x64.ActiveCfg = Release|x64
		{3E1B6AF4-37F1-493D-9DA2-6BFCB1C2EFD9}.Release|x64.Build.0 = Release|x64
		{B91A6B1D-9D91-4A87-BF65-38A06CBB617E}.Debug|Win32.ActiveCfg = Debug|Win32
		{B91A6B1D-9D91-4A87-BF65-38A06CBB617E}.Debug|Win32.Build.0 = Debug|Win32
		{B91A6B1D-9D91-4A87-BF65-38A06CBB617E}.Debug|x64.ActiveCfg = Debug|x64
		{B91A6B1D-9D91-4A87-BF65-38A06CBB617E}.Debug|x64.Build.0 = Debug|x64
		{B91A6B1D-9D91-4A87-BF65-38A06CBB617E}.Release|Win32.ActiveCfg = Release|Win32
		{B91A6B1D-9D91-4A87-BF65-38A06CBB617E}.Release|Win32.Build.0 = Release|Win32
		{B91A6B1D-9D91-4A87-BF65-38A06CBB617E}.Release|x64.ActiveCfg = Release|x64
		{B91A6B1D-9D91-4A87-BF65-38A06CBB617E}.Release|x64.Build.0 = Release|x64
		{01B14851-65CA-46C7-8C70-C2D5B206A734}.Debug|Win32.ActiveCfg = Debug|Win32
		{01B14851-65CA-46C7-8C70-C2D5B206A734}.Debug|Win32.Build.0 = Debug|Win32
		{01B14851-65CA-46C7-8C70-C2D5B206A734}.Debug|x64.ActiveCfg = Debug|x64
		{01B14851-65CA-46C7-8C70-C2D5B206A734}.Debug|x64.Build.0 = Debug|x64
		{01B14851-65CA-46C7-8C70-C2D5B206A734}.Release|Win32.ActiveCfg = Release|Win32
		{01B14851-65CA-46C7-8C70-C2D5B206A734}.Release|Win32.Build.0 = Release|Win32
		{01B14851-65CA-46C7-8C70-C2D5B206A734}.Release|x64.ActiveCfg = Release|x64
		{01B14851-65CA-46C7-8C70-C2D5B206A734}.Release|x64.Build.0 = Release|x64
		{E1DB2E47-2349-446B-9900-7D03216A0D40}.Debug|Win32.ActiveCfg = Debug|Win32
		{E1DB2E47-2349-446B-9900-7D03216A0D40}.Debug|Win32.Build.0 = Debug|Win32
		{E1DB2E47-2349-446B-9900-7D03216A0D40}.Debug|x64.ActiveCfg = Debug|x64
		{E1DB2E47-2349-446B-9900-7D03216A0D40}.Debug|x64.Build.0 = Debug|x64
		{E1DB2E47-2349-446B-9900-7D03216A0D40}.Release|Win32.ActiveCfg = Release|Win32
		{E1DB2E47-2349-446B-9900-7D03216A0D40}.Release|Win32.Build.0 = Release|Win32
		{E1DB2E47-2349-446B-9900-7D03216A0D40}.Release|x64.ActiveCfg = Release|x64
		{E1DB2E47-2349-446B-9900-7D03216A0D40}.Release|x64.Build.0 = Release|x64
		{1E502386-5469-4FE2-AFD0-9E5B162A9E2D}.Debug|Win32.ActiveCfg = Debug|Win32
		{1E502386-5469-4FE2-AFD0-9E5B162A9E2D}.Debug|Win32.Build.0 = Debug|Win32
		{1E502386-5469-4FE2-AFD0-9E5B162A9E2D}.Debug|x64.ActiveCfg = Debug|x64
		{1E502386-5469-4FE2-AFD0-9E5B162A9E2D}.Debug|x64.Build.0 = Debug|x64
		{1E502386-5469-4FE2-AFD0-9E5B162A9E2D}.Release|Win32.ActiveCfg = Release|Win32
		{1E502386-5469-4FE2-AFD0-9E5B162A9E2D}.Release|Win32.Build.0 = Release|Win32
		{1E502386-5469-4FE2-AFD0-9E5B162A9E2D}.Release|x64.ActiveCfg = Release|x64
		{1E502386-5469-4FE2-AFD0-9E5B162A9E2D}.Release|x64.Build.0 = Release|x64
		{7F95DFBC-E6B9-4619-A42E-D2964F79AD2C}.Debug|Win32.ActiveCfg = Debug|Win32
		{7F95DFBC-E6B9-4619-A42E-D2964F79AD2C}.Debug|Win32.Build.0 = Debug|Win32
		{7F95DFBC-E6B9-4619-A42E-D2964F79AD2C}.Debug|x64.ActiveCfg = Debug|x64
		{7F95DFBC-E6B9-4619-A42E-D2964F79AD2C}.Debug|x64.Build.0 = Debug|x64
		{7F95DFBC-E6B9-4619-A42E-D2964F79AD2C}.Release|Win32.ActiveCfg = Release|Win32
		{7F95DFBC-E6B9-4619-A42E-D2964F79AD2C}.Release|Win32.Build.0 = Release|Win32
		{7F95DFBC-E6B9-4619-A42E-D2964F79AD2C}.Release|x64.ActiveCfg = Release|x64
		{7F95DFBC-E6B9-4619-A42E-D2964F79AD2C}.Release|x64.Build.0 = Release|x64
		{0FBBFD67-446A-4284-A311-9EA88AF40F28}.Debug|Win32.ActiveCfg = Debug|Win32
		{0FBBFD67-446A-4284-A311-9EA88AF40F28}.Debug|Win32.Build.0 = Debug|Win32
		{0FBBFD67-446A-4284-A311-9EA88AF40F28}.Debug|x64.ActiveCfg = Debug|x64
		{0FBBFD67-446A-4284-A311-9EA88AF40F28}.Debug|x64.Build.0 = Debug|x64
		{0FBBFD67-446A-4284-A311-9EA88AF40F28}.Release|Win32.ActiveCfg = Release|Win32
		{0FBBFD67-446A-4284-A311-9EA88AF40F28}.Release|Win32.Build.0 = Release|Win32
		{0FBBFD67-446A-4284-A311-9EA88AF40F28}.Release|x64.ActiveCfg = Release|x64
		{0FBBFD67-446A-4284-A311-9EA88AF40F28}.Release|x64.Build.0 = Release|x64
		{89ABA5B1-B1F0-4444-AB54-DE45BCE2F27A}.Debug|Win32.ActiveCfg = Debug|Win32
		{89ABA5B1-B1F0-4444-AB54-DE45BCE2F27A}.Debug|Win32.Build.0 = Debug|Win32
		{89ABA5B1-B1F0-4444-AB54-DE45BCE2F27A}.Debug|x64.ActiveCfg = Debug|x64
		{89ABA5B1-B1F0-4444-AB54-DE45BCE2F27A}.Debug|x64.Build.0 = Debug|x64
		{89ABA5B1-B1F0-4444-AB54-DE45BCE2F27A}.Release|Win32.ActiveCfg = Release|Win32
		{89ABA5B1-B1F0-4444-AB54-DE45BCE2F27A}.Release|Win32.Build.0 = Release|Win32
		{89ABA5B1-B1F0-4444-AB54-DE45BCE2F27A}.Release|x64.ActiveCfg = Release|x64
		{89ABA5B1-B1F0-4444-AB54-DE45BCE2F27A}.Release|x64.Build.0 = Release|x64
		{88C33906-49D8-4935-AEBE-ED7914F5A560}.Debug|Win32.ActiveCfg = Debug|Win32
		{88C33906-49D8-4935-AEBE-ED7914F5A560}.Debug|Win32.Build.0 = Debug|Win32
		{88C33906-49D8-4935-AEBE-ED7914F5A560}.Debug|x64.ActiveCfg = Debug|x64
		{88C33906-49D8-4935-AEBE-ED7914F5A560}.Debug|x64.Build.0 = Debug|x64
		{88C33906-49D8-4935-AEBE-ED7914F5A560}.Release|Win32.ActiveCfg = Release|Win32
		{88C33906-49D8-4935-AEBE-ED7914F5A560}.Release|Win32.Build.0 = Release|Win32
		{88C33906-49D8-4935-AEBE-ED7914F5A560}.Release|x64.ActiveCfg = Release|x64
		{88C33906-49D8-4935-AEBE-ED7914F5A560}.Release|x64.Build.0 = Release|x64
		{0010346D-C44B-4BD1-BFC2-6C2D2514D28B}.Debug|Win32.ActiveCfg = Debug|Win32
		{0010346D-C44B-4BD1-BFC2-6C2D2514D28B}.Debug|Win32.Build.0 = Debug|Win32
		{0010346D-C44B-4BD1-BFC2-6C2D2514D28B}.Debug|x64.ActiveCfg = Debug|x64
		{0010346D-C44B-4BD1-BFC2-6C2D2514D28B}.Debug|x64.Build.0 = Debug|x64
		{0010346D-C44B-4BD1-BFC2-6C2D2514D28B}.Release|Win32.ActiveCfg = Release|Win32
		{0010346D-C44B-4BD1-BFC2-6C2D2514D28B}.Release|Win32.Build.0 = Release|Win32
		{0010346D-C44B-4BD1-BFC2-6C2D2514D28B}.Release|x64.ActiveCfg = Release|x64
		{0010346D-C44B-4BD1-BFC2-6C2D2514D28B}.Release|x64.Build.0 = Release|x64
		{ACAB0626-1CB5-4875-A4EC-41E526A3ABDB}.Debug|Win32.ActiveCfg = Debug|Win32
		{ACAB0626-1CB5-4875-A4EC-41E526A3ABDB}.Debug|Win32.Build.0 = Debug|Win32
		{ACAB0626-1CB5-4875-A4EC-41E526A3ABDB}.Debug|x64.ActiveCfg = Debug|x64
		{ACAB0626-1CB5-4875-A4EC-41E526A3ABDB}.Debug|x64.Build.0 = Debug|x64
		{ACAB0626-1CB5-4875-A4EC-41E526A3ABDB}.Release|Win32.ActiveCfg = Release|Win32
		{ACAB0626-1CB5-4875-A4EC-41E526A3ABDB}.Release|Win32.Build.0 = Release|Win32
		{ACAB0626-1CB5-4875-A4EC-41E526A3ABDB}.Release|x64.ActiveCfg = Release|x64
		{ACAB0626-1CB5-4875-A4EC-41E526A3ABDB}.Release|x64.Build.0 = Release|x64
	EndGlobalSection
	GlobalSection(SolutionProperties) = preSolution
		HideSolutionNode = FALSE
	EndGlobalSection
EndGlobal
