Microsoft Visual Studio Solution File, Format Version 7.00
Project("{8BC9CEB8-8B4A-11D0-8D11-00A0C91BC942}") = "CreateDOMDocument", "CreateDOMDocument\CreateDOMDocument.vcproj", "{48DF2E1B-429B-4B07-BA77-243D5CFF7952}"
EndProject
Project("{8BC9CEB8-8B4A-11D0-8D11-00A0C91BC942}") = "DOMCount", "DOMCount\DOMCount.vcproj", "{F81A8640-0E76-4D1D-A079-3594FF358A55}"
EndProject
Project("{8BC9CEB8-8B4A-11D0-8D11-00A0C91BC942}") = "DOMPrint", "DOMPrint\DOMPrint.vcproj", "{75790669-D6B1-4D31-A74C-2D1AF9D1486E}"
EndProject
Project("{8BC9CEB8-8B4A-11D0-8D11-00A0C91BC942}") = "EnumVal", "EnumVal\EnumVal.vcproj", "{6C58D261-F585-4EBF-8E24-3F5407923945}"
EndProject
Project("{8BC9CEB8-8B4A-11D0-8D11-00A0C91BC942}") = "MemParse", "MemParse\MemParse.vcproj", "{50CE3FBE-DBF8-45C1-BC02-C83E97B9868C}"
EndProject
Project("{8BC9CEB8-8B4A-11D0-8D11-00A0C91BC942}") = "PParse", "PParse\PParse.vcproj", "{80711E19-6D57-4ACB-81A1-372195A5DEEF}"
EndProject
Project("{8BC9CEB8-8B4A-11D0-8D11-00A0C91BC942}") = "Redirect", "Redirect\Redirect.vcproj", "{A2A91147-900B-4D3C-A07B-009010705034}"
EndProject
Project("{8BC9CEB8-8B4A-11D0-8D11-00A0C91BC942}") = "SAX2Count", "SAX2Count\SAX2Count.vcproj", "{14C10557-C067-4431-820E-DCC7901C9702}"
EndProject
Project("{8BC9CEB8-8B4A-11D0-8D11-00A0C91BC942}") = "SAX2Print", "SAX2Print\SAX2Print.vcproj", "{F1E37679-0A3F-46BD-A50A-E47A85F76D20}"
EndProject
Project("{8BC9CEB8-8B4A-11D0-8D11-00A0C91BC942}") = "SAXCount", "SAXCount\SAXCount.vcproj", "{4FBE1306-3C02-4505-8023-3A9AF644596E}"
EndProject
Project("{8BC9CEB8-8B4A-11D0-8D11-00A0C91BC942}") = "SAXPrint", "SAXPrint\SAXPrint.vcproj", "{E0D52C96-470F-46B9-9A30-8CFEA7ABFEC8}"
EndProject
Project("{8BC9CEB8-8B4A-11D0-8D11-00A0C91BC942}") = "SEnumVal", "SEnumVal\SEnumVal.vcproj", "{9D4CA05C-E16F-4CC7-8894-2F8B4EDF8889}"
EndProject
Project("{8BC9CEB8-8B4A-11D0-8D11-00A0C91BC942}") = "StdInParse", "StdInParse\StdInParse.vcproj", "{A0B8FC42-0429-48C1-9C65-939E0DC9D991}"
EndProject
Project("{8BC9CEB8-8B4A-11D0-8D11-00A0C91BC942}") = "PSVIWriter", "PSVIWriter\PSVIWriter.vcproj", "{5769C5DE-11C2-47C4-ACC5-47C9000B6714}"
EndProject
Project("{8BC9CEB8-8B4A-11D0-8D11-00A0C91BC942}") = "SCMPrint", "SCMPrint\scmprint.vcproj", "{521EF910-A8F2-4E39-81E2-41B7042E2FD0}"
EndProject
Global
	GlobalSection(SolutionConfiguration) = preSolution
		ConfigName.0 = Debug
	EndGlobalSection
	GlobalSection(ProjectDependencies) = postSolution
	EndGlobalSection
	GlobalSection(ProjectConfiguration) = postSolution
		{48DF2E1B-429B-4B07-BA77-243D5CFF7952}.Debug.ActiveCfg = Debug|Win32
		{48DF2E1B-429B-4B07-BA77-243D5CFF7952}.Debug.Build.0 = Debug|Win32
		{F81A8640-0E76-4D1D-A079-3594FF358A55}.Debug.ActiveCfg = Debug|Win32
		{F81A8640-0E76-4D1D-A079-3594FF358A55}.Debug.Build.0 = Debug|Win32
		{75790669-D6B1-4D31-A74C-2D1AF9D1486E}.Debug.ActiveCfg = Debug|Win32
		{75790669-D6B1-4D31-A74C-2D1AF9D1486E}.Debug.Build.0 = Debug|Win32
		{6C58D261-F585-4EBF-8E24-3F5407923945}.Debug.ActiveCfg = Debug|Win32
		{6C58D261-F585-4EBF-8E24-3F5407923945}.Debug.Build.0 = Debug|Win32
		{50CE3FBE-DBF8-45C1-BC02-C83E97B9868C}.Debug.ActiveCfg = Debug|Win32
		{50CE3FBE-DBF8-45C1-BC02-C83E97B9868C}.Debug.Build.0 = Debug|Win32
		{80711E19-6D57-4ACB-81A1-372195A5DEEF}.Debug.ActiveCfg = Debug|Win32
		{80711E19-6D57-4ACB-81A1-372195A5DEEF}.Debug.Build.0 = Debug|Win32
		{A2A91147-900B-4D3C-A07B-009010705034}.Debug.ActiveCfg = Debug|Win32
		{A2A91147-900B-4D3C-A07B-009010705034}.Debug.Build.0 = Debug|Win32
		{14C10557-C067-4431-820E-DCC7901C9702}.Debug.ActiveCfg = Debug|Win32
		{14C10557-C067-4431-820E-DCC7901C9702}.Debug.Build.0 = Debug|Win32
		{F1E37679-0A3F-46BD-A50A-E47A85F76D20}.Debug.ActiveCfg = Debug|Win32
		{F1E37679-0A3F-46BD-A50A-E47A85F76D20}.Debug.Build.0 = Debug|Win32
		{4FBE1306-3C02-4505-8023-3A9AF644596E}.Debug.ActiveCfg = Debug|Win32
		{4FBE1306-3C02-4505-8023-3A9AF644596E}.Debug.Build.0 = Debug|Win32
		{E0D52C96-470F-46B9-9A30-8CFEA7ABFEC8}.Debug.ActiveCfg = Debug|Win32
		{E0D52C96-470F-46B9-9A30-8CFEA7ABFEC8}.Debug.Build.0 = Debug|Win32
		{9D4CA05C-E16F-4CC7-8894-2F8B4EDF8889}.Debug.ActiveCfg = Debug|Win32
		{9D4CA05C-E16F-4CC7-8894-2F8B4EDF8889}.Debug.Build.0 = Debug|Win32
		{A0B8FC42-0429-48C1-9C65-939E0DC9D991}.Debug.ActiveCfg = Debug|Win32
		{A0B8FC42-0429-48C1-9C65-939E0DC9D991}.Debug.Build.0 = Debug|Win32
		{5769C5DE-11C2-47C4-ACC5-47C9000B6714}.Debug.ActiveCfg = Debug|Win32
		{5769C5DE-11C2-47C4-ACC5-47C9000B6714}.Debug.Build.0 = Debug|Win32
		{521EF910-A8F2-4E39-81E2-41B7042E2FD0}.Debug.ActiveCfg = Debug|Win32
		{521EF910-A8F2-4E39-81E2-41B7042E2FD0}.Debug.Build.0 = Debug|Win32
	EndGlobalSection
	GlobalSection(ExtensibilityGlobals) = postSolution
	EndGlobalSection
	GlobalSection(ExtensibilityAddIns) = postSolution
	EndGlobalSection
EndGlobal
