Microsoft Visual Studio Solution File, Format Version 10.00
# Visual Studio 2008
Project("{8BC9CEB8-8B4A-11D0-8D11-00A0C91BC942}") = "allhlcexamples", "allhlcexamples.vcproj", "{5CAEEA27-2611-4398-8E10-BF58CA42F3F3}"
	ProjectSection(ProjectDependencies) = postProject
		{25DC2207-299D-4272-9530-B126539BE0E9} = {25DC2207-299D-4272-9530-B126539BE0E9}
		{47753B08-F9F5-409B-9EC2-9135B4508BAF} = {47753B08-F9F5-409B-9EC2-9135B4508BAF}
		{C17AAC18-2DFC-46DE-AF5F-749F6F043DE0} = {C17AAC18-2DFC-46DE-AF5F-749F6F043DE0}
		{70E7B820-4AEB-49EF-93C5-A6BBDF69B76F} = {70E7B820-4AEB-49EF-93C5-A6BBDF69B76F}
		{4116EF37-EBA5-424F-A01B-2D80DB5807E3} = {4116EF37-EBA5-424F-A01B-2D80DB5807E3}
		{E424C58A-BEA8-4801-8A9C-5E976A3FAA5D} = {E424C58A-BEA8-4801-8A9C-5E976A3FAA5D}
		{B4DE42B5-0032-4175-BEEE-F65875360A45} = {B4DE42B5-0032-4175-BEEE-F65875360A45}
		{DB7330C6-D009-4BF7-B85D-656185825950} = {DB7330C6-D009-4BF7-B85D-656185825950}
		{334E19CF-8B74-4067-8303-A398E3F22593} = {334E19CF-8B74-4067-8303-A398E3F22593}
		{4B6CC6F6-C64D-4A1A-BF78-1304AA91D618} = {4B6CC6F6-C64D-4A1A-BF78-1304AA91D618}
	EndProjectSection
EndProject
Project("{8BC9CEB8-8B4A-11D0-8D11-00A0C91BC942}") = "ex_ds1", "..\ex_ds1\ex_ds1.vcproj", "{70E7B820-4AEB-49EF-93C5-A6BBDF69B76F}"
EndProject
Project("{8BC9CEB8-8B4A-11D0-8D11-00A0C91BC942}") = "ex_ds1dll", "..\ex_ds1dll\ex_ds1dll.vcproj", "{C17AAC18-2DFC-46DE-AF5F-749F6F043DE0}"
EndProject
Project("{8BC9CEB8-8B4A-11D0-8D11-00A0C91BC942}") = "ex_image1", "..\ex_image1\ex_image1.vcproj", "{B4DE42B5-0032-4175-BEEE-F65875360A45}"
EndProject
Project("{8BC9CEB8-8B4A-11D0-8D11-00A0C91BC942}") = "ex_image1dll", "..\ex_image1dll\ex_image1dll.vcproj", "{E424C58A-BEA8-4801-8A9C-5E976A3FAA5D}"
EndProject
Project("{8BC9CEB8-8B4A-11D0-8D11-00A0C91BC942}") = "ex_lite1", "..\ex_lite1\ex_lite1.vcproj", "{4B6CC6F6-C64D-4A1A-BF78-1304AA91D618}"
EndProject
Project("{8BC9CEB8-8B4A-11D0-8D11-00A0C91BC942}") = "ex_lite1dll", "..\ex_lite1dll\ex_lite1dll.vcproj", "{DB7330C6-D009-4BF7-B85D-656185825950}"
EndProject
Project("{8BC9CEB8-8B4A-11D0-8D11-00A0C91BC942}") = "ptExampleFL", "..\ptExampleFL\ptExampleFL.vcproj", "{47753B08-F9F5-409B-9EC2-9135B4508BAF}"
EndProject
Project("{8BC9CEB8-8B4A-11D0-8D11-00A0C91BC942}") = "ptExampleFLdll", "..\ptExampleFLdll\ptExampleFLdll.vcproj", "{25DC2207-299D-4272-9530-B126539BE0E9}"
EndProject
Project("{8BC9CEB8-8B4A-11D0-8D11-00A0C91BC942}") = "ex_table01", "..\ex_table01\ex_table01.vcproj", "{334E19CF-8B74-4067-8303-A398E3F22593}"
EndProject
Project("{8BC9CEB8-8B4A-11D0-8D11-00A0C91BC942}") = "ex_table01dll", "..\ex_table01dll\ex_table01dll.vcproj", "{4116EF37-EBA5-424F-A01B-2D80DB5807E3}"
EndProject
Project("{8BC9CEB8-8B4A-11D0-8D11-00A0C91BC942}") = "ex_lite2", "..\ex_lite2\ex_lite2.vcproj", "{47A5C65E-8669-4AF7-AC7F-ABD572567243}"
EndProject
Project("{8BC9CEB8-8B4A-11D0-8D11-00A0C91BC942}") = "ex_lite2dll", "..\ex_lite2dll\ex_lite2dll.vcproj", "{95515861-DE06-4542-AA50-6E4780597720}"
EndProject
Project("{8BC9CEB8-8B4A-11D0-8D11-00A0C91BC942}") = "ex_lite3", "..\ex_lite3\ex_lite3.vcproj", "{E5A24019-F635-4D4E-8A60-2D757F05C906}"
EndProject
Project("{8BC9CEB8-8B4A-11D0-8D11-00A0C91BC942}") = "ex_lite3dll", "..\ex_lite3dll\ex_lite3dll.vcproj", "{8431432A-6535-4599-9D76-008C4420CF1D}"
EndProject
Project("{8BC9CEB8-8B4A-11D0-8D11-00A0C91BC942}") = "ptExampleVL", "..\ptExampleVL\ptExampleVL.vcproj", "{CD526D51-176A-4AC1-B2C9-B2155FAF59FB}"
EndProject
Project("{8BC9CEB8-8B4A-11D0-8D11-00A0C91BC942}") = "ptExampleVLdll", "..\ptExampleVLdll\ptExampleVLdll.vcproj", "{0A6C0B51-23EF-40E7-A086-BACF2171B02F}"
EndProject
Project("{8BC9CEB8-8B4A-11D0-8D11-00A0C91BC942}") = "ex_image2", "..\ex_image2\ex_image2.vcproj", "{66106B22-4C8B-4B4A-A8DE-0C1ADEF0A219}"
EndProject
Project("{8BC9CEB8-8B4A-11D0-8D11-00A0C91BC942}") = "ex_image2dll", "..\ex_image2dll\ex_image2dll.vcproj", "{CADD763A-7F15-453F-A922-79C5FC9FDAED}"
EndProject
Project("{8BC9CEB8-8B4A-11D0-8D11-00A0C91BC942}") = "ex_table02", "..\ex_table02\ex_table02.vcproj", "{B28B170D-0C78-484C-B398-A6F2FA2C1B26}"
EndProject
Project("{8BC9CEB8-8B4A-11D0-8D11-00A0C91BC942}") = "ex_table02dll", "..\ex_table02dll\ex_table02dll.vcproj", "{D29B5F9D-CA5C-4F2F-AB16-8FE0189E520C}"
EndProject
Project("{8BC9CEB8-8B4A-11D0-8D11-00A0C91BC942}") = "ex_table03", "..\ex_table03\ex_table03.vcproj", "{7E46D3EA-E3AA-458B-ACA8-A585F62B24A9}"
EndProject
Project("{8BC9CEB8-8B4A-11D0-8D11-00A0C91BC942}") = "ex_table03dll", "..\ex_table03dll\ex_table03dll.vcproj", "{D72AE740-D901-41E7-8A85-04A41EA31EB5}"
EndProject
Project("{8BC9CEB8-8B4A-11D0-8D11-00A0C91BC942}") = "ex_table04", "..\ex_table04\ex_table04.vcproj", "{A840E983-177E-4218-916F-37391939E32D}"
EndProject
Project("{8BC9CEB8-8B4A-11D0-8D11-00A0C91BC942}") = "ex_table04dll", "..\ex_table04dll\ex_table04dll.vcproj", "{33FCABE9-BCC4-4894-9BD5-C3AD8FB0E18A}"
EndProject
Project("{8BC9CEB8-8B4A-11D0-8D11-00A0C91BC942}") = "ex_table05", "..\ex_table05\ex_table05.vcproj", "{B0C2EB18-6469-4350-AC72-983E3D0B5F3C}"
EndProject
Project("{8BC9CEB8-8B4A-11D0-8D11-00A0C91BC942}") = "ex_table05dll", "..\ex_table05dll\ex_table05dll.vcproj", "{86418725-0244-46CC-A4E1-D7D21CAC620B}"
EndProject
Project("{8BC9CEB8-8B4A-11D0-8D11-00A0C91BC942}") = "ex_table06", "..\ex_table06\ex_table06.vcproj", "{8E92B4DB-65AD-4CF7-B806-3AA6D17F3F5C}"
EndProject
Project("{8BC9CEB8-8B4A-11D0-8D11-00A0C91BC942}") = "ex_table06dll", "..\ex_table06dll\ex_table06dll.vcproj", "{DC9562D3-A5A4-4BB0-98C3-7863AACFF1C8}"
EndProject
Project("{8BC9CEB8-8B4A-11D0-8D11-00A0C91BC942}") = "ex_table07", "..\ex_table07\ex_table07.vcproj", "{2FBE4820-120C-478D-8DF2-39E53C885830}"
EndProject
Project("{8BC9CEB8-8B4A-11D0-8D11-00A0C91BC942}") = "ex_table07dll", "..\ex_table07dll\ex_table07dll.vcproj", "{9CD7FB43-AEAA-4380-AB53-9DC8487D553F}"
EndProject
Project("{8BC9CEB8-8B4A-11D0-8D11-00A0C91BC942}") = "ex_table08", "..\ex_table08\ex_table08.vcproj", "{58988CC8-3154-45C1-A05E-9AF4FE45D7FE}"
EndProject
Project("{8BC9CEB8-8B4A-11D0-8D11-00A0C91BC942}") = "ex_table08dll", "..\ex_table08dll\ex_table08dll.vcproj", "{A800762F-F9D8-494B-AFCE-AFE75053A9C8}"
EndProject
Project("{8BC9CEB8-8B4A-11D0-8D11-00A0C91BC942}") = "ex_table09", "..\ex_table09\ex_table09.vcproj", "{5FC6935E-35DE-4A68-87FE-8ADCDEED2B48}"
EndProject
Project("{8BC9CEB8-8B4A-11D0-8D11-00A0C91BC942}") = "ex_table09dll", "..\ex_table09dll\ex_table09dll.vcproj", "{D3FAA3AB-9A66-4911-85CE-73B674B683EC}"
EndProject
Project("{8BC9CEB8-8B4A-11D0-8D11-00A0C91BC942}") = "ex_table10", "..\ex_table10\ex_table10.vcproj", "{31BA8F80-0A8C-4CFC-AD63-D947F1ABAC8C}"
EndProject
Project("{8BC9CEB8-8B4A-11D0-8D11-00A0C91BC942}") = "ex_table10dll", "..\ex_table10dll\ex_table10dll.vcproj", "{EBA97261-BA06-4889-8568-0488E791F9A3}"
EndProject
Project("{8BC9CEB8-8B4A-11D0-8D11-00A0C91BC942}") = "ex_table11", "..\ex_table11\ex_table11.vcproj", "{BB90C9EC-7C4F-4AEA-A64E-95A2EA9C2F06}"
EndProject
Project("{8BC9CEB8-8B4A-11D0-8D11-00A0C91BC942}") = "ex_table11dll", "..\ex_table11dll\ex_table11dll.vcproj", "{93EA2B92-DF8B-4D30-9788-99D63D779756}"
EndProject
Project("{8BC9CEB8-8B4A-11D0-8D11-00A0C91BC942}") = "ex_table12", "..\ex_table12\ex_table12.vcproj", "{F8D2C124-2238-47AB-8A51-4A42D8F10BF5}"
EndProject
Project("{8BC9CEB8-8B4A-11D0-8D11-00A0C91BC942}") = "ex_table12dll", "..\ex_table12dll\ex_table12dll.vcproj", "{447B9176-2551-4BE1-BBFF-D74C1723D6E0}"
EndProject
Global
	GlobalSection(SolutionConfigurationPlatforms) = preSolution
		Debug|Win32 = Debug|Win32
		Debug|x64 = Debug|x64
		Release|Win32 = Release|Win32
		Release|x64 = Release|x64
	EndGlobalSection
	GlobalSection(ProjectConfigurationPlatforms) = postSolution
		{5CAEEA27-2611-4398-8E10-BF58CA42F3F3}.Debug|Win32.ActiveCfg = Debug|Win32
		{5CAEEA27-2611-4398-8E10-BF58CA42F3F3}.Debug|Win32.Build.0 = Debug|Win32
		{5CAEEA27-2611-4398-8E10-BF58CA42F3F3}.Debug|x64.ActiveCfg = Debug|x64
		{5CAEEA27-2611-4398-8E10-BF58CA42F3F3}.Debug|x64.Build.0 = Debug|x64
		{5CAEEA27-2611-4398-8E10-BF58CA42F3F3}.Release|Win32.ActiveCfg = Release|Win32
		{5CAEEA27-2611-4398-8E10-BF58CA42F3F3}.Release|Win32.Build.0 = Release|Win32
		{5CAEEA27-2611-4398-8E10-BF58CA42F3F3}.Release|x64.ActiveCfg = Release|x64
		{5CAEEA27-2611-4398-8E10-BF58CA42F3F3}.Release|x64.Build.0 = Release|x64
		{70E7B820-4AEB-49EF-93C5-A6BBDF69B76F}.Debug|Win32.ActiveCfg = Debug|Win32
		{70E7B820-4AEB-49EF-93C5-A6BBDF69B76F}.Debug|Win32.Build.0 = Debug|Win32
		{70E7B820-4AEB-49EF-93C5-A6BBDF69B76F}.Debug|x64.ActiveCfg = Debug|x64
		{70E7B820-4AEB-49EF-93C5-A6BBDF69B76F}.Debug|x64.Build.0 = Debug|x64
		{70E7B820-4AEB-49EF-93C5-A6BBDF69B76F}.Release|Win32.ActiveCfg = Release|Win32
		{70E7B820-4AEB-49EF-93C5-A6BBDF69B76F}.Release|Win32.Build.0 = Release|Win32
		{70E7B820-4AEB-49EF-93C5-A6BBDF69B76F}.Release|x64.ActiveCfg = Release|x64
		{70E7B820-4AEB-49EF-93C5-A6BBDF69B76F}.Release|x64.Build.0 = Release|x64
		{C17AAC18-2DFC-46DE-AF5F-749F6F043DE0}.Debug|Win32.ActiveCfg = Debug|Win32
		{C17AAC18-2DFC-46DE-AF5F-749F6F043DE0}.Debug|Win32.Build.0 = Debug|Win32
		{C17AAC18-2DFC-46DE-AF5F-749F6F043DE0}.Debug|x64.ActiveCfg = Debug|x64
		{C17AAC18-2DFC-46DE-AF5F-749F6F043DE0}.Debug|x64.Build.0 = Debug|x64
		{C17AAC18-2DFC-46DE-AF5F-749F6F043DE0}.Release|Win32.ActiveCfg = Release|Win32
		{C17AAC18-2DFC-46DE-AF5F-749F6F043DE0}.Release|Win32.Build.0 = Release|Win32
		{C17AAC18-2DFC-46DE-AF5F-749F6F043DE0}.Release|x64.ActiveCfg = Release|x64
		{C17AAC18-2DFC-46DE-AF5F-749F6F043DE0}.Release|x64.Build.0 = Release|x64
		{B4DE42B5-0032-4175-BEEE-F65875360A45}.Debug|Win32.ActiveCfg = Debug|Win32
		{B4DE42B5-0032-4175-BEEE-F65875360A45}.Debug|Win32.Build.0 = Debug|Win32
		{B4DE42B5-0032-4175-BEEE-F65875360A45}.Debug|x64.ActiveCfg = Debug|x64
		{B4DE42B5-0032-4175-BEEE-F65875360A45}.Debug|x64.Build.0 = Debug|x64
		{B4DE42B5-0032-4175-BEEE-F65875360A45}.Release|Win32.ActiveCfg = Release|Win32
		{B4DE42B5-0032-4175-BEEE-F65875360A45}.Release|Win32.Build.0 = Release|Win32
		{B4DE42B5-0032-4175-BEEE-F65875360A45}.Release|x64.ActiveCfg = Release|x64
		{B4DE42B5-0032-4175-BEEE-F65875360A45}.Release|x64.Build.0 = Release|x64
		{E424C58A-BEA8-4801-8A9C-5E976A3FAA5D}.Debug|Win32.ActiveCfg = Debug|Win32
		{E424C58A-BEA8-4801-8A9C-5E976A3FAA5D}.Debug|Win32.Build.0 = Debug|Win32
		{E424C58A-BEA8-4801-8A9C-5E976A3FAA5D}.Debug|x64.ActiveCfg = Debug|x64
		{E424C58A-BEA8-4801-8A9C-5E976A3FAA5D}.Debug|x64.Build.0 = Debug|x64
		{E424C58A-BEA8-4801-8A9C-5E976A3FAA5D}.Release|Win32.ActiveCfg = Release|Win32
		{E424C58A-BEA8-4801-8A9C-5E976A3FAA5D}.Release|Win32.Build.0 = Release|Win32
		{E424C58A-BEA8-4801-8A9C-5E976A3FAA5D}.Release|x64.ActiveCfg = Release|x64
		{E424C58A-BEA8-4801-8A9C-5E976A3FAA5D}.Release|x64.Build.0 = Release|x64
		{4B6CC6F6-C64D-4A1A-BF78-1304AA91D618}.Debug|Win32.ActiveCfg = Debug|Win32
		{4B6CC6F6-C64D-4A1A-BF78-1304AA91D618}.Debug|Win32.Build.0 = Debug|Win32
		{4B6CC6F6-C64D-4A1A-BF78-1304AA91D618}.Debug|x64.ActiveCfg = Debug|x64
		{4B6CC6F6-C64D-4A1A-BF78-1304AA91D618}.Debug|x64.Build.0 = Debug|x64
		{4B6CC6F6-C64D-4A1A-BF78-1304AA91D618}.Release|Win32.ActiveCfg = Release|Win32
		{4B6CC6F6-C64D-4A1A-BF78-1304AA91D618}.Release|Win32.Build.0 = Release|Win32
		{4B6CC6F6-C64D-4A1A-BF78-1304AA91D618}.Release|x64.ActiveCfg = Release|x64
		{4B6CC6F6-C64D-4A1A-BF78-1304AA91D618}.Release|x64.Build.0 = Release|x64
		{DB7330C6-D009-4BF7-B85D-656185825950}.Debug|Win32.ActiveCfg = Debug|Win32
		{DB7330C6-D009-4BF7-B85D-656185825950}.Debug|Win32.Build.0 = Debug|Win32
		{DB7330C6-D009-4BF7-B85D-656185825950}.Debug|x64.ActiveCfg = Debug|x64
		{DB7330C6-D009-4BF7-B85D-656185825950}.Debug|x64.Build.0 = Debug|x64
		{DB7330C6-D009-4BF7-B85D-656185825950}.Release|Win32.ActiveCfg = Release|Win32
		{DB7330C6-D009-4BF7-B85D-656185825950}.Release|Win32.Build.0 = Release|Win32
		{DB7330C6-D009-4BF7-B85D-656185825950}.Release|x64.ActiveCfg = Release|x64
		{DB7330C6-D009-4BF7-B85D-656185825950}.Release|x64.Build.0 = Release|x64
		{47753B08-F9F5-409B-9EC2-9135B4508BAF}.Debug|Win32.ActiveCfg = Debug|Win32
		{47753B08-F9F5-409B-9EC2-9135B4508BAF}.Debug|Win32.Build.0 = Debug|Win32
		{47753B08-F9F5-409B-9EC2-9135B4508BAF}.Debug|x64.ActiveCfg = Debug|x64
		{47753B08-F9F5-409B-9EC2-9135B4508BAF}.Debug|x64.Build.0 = Debug|x64
		{47753B08-F9F5-409B-9EC2-9135B4508BAF}.Release|Win32.ActiveCfg = Release|Win32
		{47753B08-F9F5-409B-9EC2-9135B4508BAF}.Release|Win32.Build.0 = Release|Win32
		{47753B08-F9F5-409B-9EC2-9135B4508BAF}.Release|x64.ActiveCfg = Release|x64
		{47753B08-F9F5-409B-9EC2-9135B4508BAF}.Release|x64.Build.0 = Release|x64
		{25DC2207-299D-4272-9530-B126539BE0E9}.Debug|Win32.ActiveCfg = Debug|Win32
		{25DC2207-299D-4272-9530-B126539BE0E9}.Debug|Win32.Build.0 = Debug|Win32
		{25DC2207-299D-4272-9530-B126539BE0E9}.Debug|x64.ActiveCfg = Debug|x64
		{25DC2207-299D-4272-9530-B126539BE0E9}.Debug|x64.Build.0 = Debug|x64
		{25DC2207-299D-4272-9530-B126539BE0E9}.Release|Win32.ActiveCfg = Release|Win32
		{25DC2207-299D-4272-9530-B126539BE0E9}.Release|Win32.Build.0 = Release|Win32
		{25DC2207-299D-4272-9530-B126539BE0E9}.Release|x64.ActiveCfg = Release|x64
		{25DC2207-299D-4272-9530-B126539BE0E9}.Release|x64.Build.0 = Release|x64
		{334E19CF-8B74-4067-8303-A398E3F22593}.Debug|Win32.ActiveCfg = Debug|Win32
		{334E19CF-8B74-4067-8303-A398E3F22593}.Debug|Win32.Build.0 = Debug|Win32
		{334E19CF-8B74-4067-8303-A398E3F22593}.Debug|x64.ActiveCfg = Debug|x64
		{334E19CF-8B74-4067-8303-A398E3F22593}.Debug|x64.Build.0 = Debug|x64
		{334E19CF-8B74-4067-8303-A398E3F22593}.Release|Win32.ActiveCfg = Release|Win32
		{334E19CF-8B74-4067-8303-A398E3F22593}.Release|Win32.Build.0 = Release|Win32
		{334E19CF-8B74-4067-8303-A398E3F22593}.Release|x64.ActiveCfg = Release|x64
		{334E19CF-8B74-4067-8303-A398E3F22593}.Release|x64.Build.0 = Release|x64
		{4116EF37-EBA5-424F-A01B-2D80DB5807E3}.Debug|Win32.ActiveCfg = Debug|Win32
		{4116EF37-EBA5-424F-A01B-2D80DB5807E3}.Debug|Win32.Build.0 = Debug|Win32
		{4116EF37-EBA5-424F-A01B-2D80DB5807E3}.Debug|x64.ActiveCfg = Debug|x64
		{4116EF37-EBA5-424F-A01B-2D80DB5807E3}.Debug|x64.Build.0 = Debug|x64
		{4116EF37-EBA5-424F-A01B-2D80DB5807E3}.Release|Win32.ActiveCfg = Release|Win32
		{4116EF37-EBA5-424F-A01B-2D80DB5807E3}.Release|Win32.Build.0 = Release|Win32
		{4116EF37-EBA5-424F-A01B-2D80DB5807E3}.Release|x64.ActiveCfg = Release|x64
		{4116EF37-EBA5-424F-A01B-2D80DB5807E3}.Release|x64.Build.0 = Release|x64
		{47A5C65E-8669-4AF7-AC7F-ABD572567243}.Debug|Win32.ActiveCfg = Debug|Win32
		{47A5C65E-8669-4AF7-AC7F-ABD572567243}.Debug|Win32.Build.0 = Debug|Win32
		{47A5C65E-8669-4AF7-AC7F-ABD572567243}.Debug|x64.ActiveCfg = Debug|x64
		{47A5C65E-8669-4AF7-AC7F-ABD572567243}.Debug|x64.Build.0 = Debug|x64
		{47A5C65E-8669-4AF7-AC7F-ABD572567243}.Release|Win32.ActiveCfg = Release|Win32
		{47A5C65E-8669-4AF7-AC7F-ABD572567243}.Release|Win32.Build.0 = Release|Win32
		{47A5C65E-8669-4AF7-AC7F-ABD572567243}.Release|x64.ActiveCfg = Release|x64
		{47A5C65E-8669-4AF7-AC7F-ABD572567243}.Release|x64.Build.0 = Release|x64
		{95515861-DE06-4542-AA50-6E4780597720}.Debug|Win32.ActiveCfg = Debug|Win32
		{95515861-DE06-4542-AA50-6E4780597720}.Debug|Win32.Build.0 = Debug|Win32
		{95515861-DE06-4542-AA50-6E4780597720}.Debug|x64.ActiveCfg = Debug|x64
		{95515861-DE06-4542-AA50-6E4780597720}.Debug|x64.Build.0 = Debug|x64
		{95515861-DE06-4542-AA50-6E4780597720}.Release|Win32.ActiveCfg = Release|Win32
		{95515861-DE06-4542-AA50-6E4780597720}.Release|Win32.Build.0 = Release|Win32
		{95515861-DE06-4542-AA50-6E4780597720}.Release|x64.ActiveCfg = Release|x64
		{95515861-DE06-4542-AA50-6E4780597720}.Release|x64.Build.0 = Release|x64
		{E5A24019-F635-4D4E-8A60-2D757F05C906}.Debug|Win32.ActiveCfg = Debug|Win32
		{E5A24019-F635-4D4E-8A60-2D757F05C906}.Debug|Win32.Build.0 = Debug|Win32
		{E5A24019-F635-4D4E-8A60-2D757F05C906}.Debug|x64.ActiveCfg = Debug|x64
		{E5A24019-F635-4D4E-8A60-2D757F05C906}.Debug|x64.Build.0 = Debug|x64
		{E5A24019-F635-4D4E-8A60-2D757F05C906}.Release|Win32.ActiveCfg = Release|Win32
		{E5A24019-F635-4D4E-8A60-2D757F05C906}.Release|Win32.Build.0 = Release|Win32
		{E5A24019-F635-4D4E-8A60-2D757F05C906}.Release|x64.ActiveCfg = Release|x64
		{E5A24019-F635-4D4E-8A60-2D757F05C906}.Release|x64.Build.0 = Release|x64
		{8431432A-6535-4599-9D76-008C4420CF1D}.Debug|Win32.ActiveCfg = Debug|Win32
		{8431432A-6535-4599-9D76-008C4420CF1D}.Debug|Win32.Build.0 = Debug|Win32
		{8431432A-6535-4599-9D76-008C4420CF1D}.Debug|x64.ActiveCfg = Debug|x64
		{8431432A-6535-4599-9D76-008C4420CF1D}.Debug|x64.Build.0 = Debug|x64
		{8431432A-6535-4599-9D76-008C4420CF1D}.Release|Win32.ActiveCfg = Release|Win32
		{8431432A-6535-4599-9D76-008C4420CF1D}.Release|Win32.Build.0 = Release|Win32
		{8431432A-6535-4599-9D76-008C4420CF1D}.Release|x64.ActiveCfg = Release|x64
		{8431432A-6535-4599-9D76-008C4420CF1D}.Release|x64.Build.0 = Release|x64
		{CD526D51-176A-4AC1-B2C9-B2155FAF59FB}.Debug|Win32.ActiveCfg = Debug|Win32
		{CD526D51-176A-4AC1-B2C9-B2155FAF59FB}.Debug|Win32.Build.0 = Debug|Win32
		{CD526D51-176A-4AC1-B2C9-B2155FAF59FB}.Debug|x64.ActiveCfg = Debug|x64
		{CD526D51-176A-4AC1-B2C9-B2155FAF59FB}.Debug|x64.Build.0 = Debug|x64
		{CD526D51-176A-4AC1-B2C9-B2155FAF59FB}.Release|Win32.ActiveCfg = Release|Win32
		{CD526D51-176A-4AC1-B2C9-B2155FAF59FB}.Release|Win32.Build.0 = Release|Win32
		{CD526D51-176A-4AC1-B2C9-B2155FAF59FB}.Release|x64.ActiveCfg = Release|x64
		{CD526D51-176A-4AC1-B2C9-B2155FAF59FB}.Release|x64.Build.0 = Release|x64
		{0A6C0B51-23EF-40E7-A086-BACF2171B02F}.Debug|Win32.ActiveCfg = Debug|Win32
		{0A6C0B51-23EF-40E7-A086-BACF2171B02F}.Debug|Win32.Build.0 = Debug|Win32
		{0A6C0B51-23EF-40E7-A086-BACF2171B02F}.Debug|x64.ActiveCfg = Debug|x64
		{0A6C0B51-23EF-40E7-A086-BACF2171B02F}.Debug|x64.Build.0 = Debug|x64
		{0A6C0B51-23EF-40E7-A086-BACF2171B02F}.Release|Win32.ActiveCfg = Release|Win32
		{0A6C0B51-23EF-40E7-A086-BACF2171B02F}.Release|Win32.Build.0 = Release|Win32
		{0A6C0B51-23EF-40E7-A086-BACF2171B02F}.Release|x64.ActiveCfg = Release|x64
		{0A6C0B51-23EF-40E7-A086-BACF2171B02F}.Release|x64.Build.0 = Release|x64
		{66106B22-4C8B-4B4A-A8DE-0C1ADEF0A219}.Debug|Win32.ActiveCfg = Debug|Win32
		{66106B22-4C8B-4B4A-A8DE-0C1ADEF0A219}.Debug|Win32.Build.0 = Debug|Win32
		{66106B22-4C8B-4B4A-A8DE-0C1ADEF0A219}.Debug|x64.ActiveCfg = Debug|x64
		{66106B22-4C8B-4B4A-A8DE-0C1ADEF0A219}.Debug|x64.Build.0 = Debug|x64
		{66106B22-4C8B-4B4A-A8DE-0C1ADEF0A219}.Release|Win32.ActiveCfg = Release|Win32
		{66106B22-4C8B-4B4A-A8DE-0C1ADEF0A219}.Release|Win32.Build.0 = Release|Win32
		{66106B22-4C8B-4B4A-A8DE-0C1ADEF0A219}.Release|x64.ActiveCfg = Release|x64
		{66106B22-4C8B-4B4A-A8DE-0C1ADEF0A219}.Release|x64.Build.0 = Release|x64
		{CADD763A-7F15-453F-A922-79C5FC9FDAED}.Debug|Win32.ActiveCfg = Debug|Win32
		{CADD763A-7F15-453F-A922-79C5FC9FDAED}.Debug|Win32.Build.0 = Debug|Win32
		{CADD763A-7F15-453F-A922-79C5FC9FDAED}.Debug|x64.ActiveCfg = Debug|x64
		{CADD763A-7F15-453F-A922-79C5FC9FDAED}.Debug|x64.Build.0 = Debug|x64
		{CADD763A-7F15-453F-A922-79C5FC9FDAED}.Release|Win32.ActiveCfg = Release|Win32
		{CADD763A-7F15-453F-A922-79C5FC9FDAED}.Release|Win32.Build.0 = Release|Win32
		{CADD763A-7F15-453F-A922-79C5FC9FDAED}.Release|x64.ActiveCfg = Release|x64
		{CADD763A-7F15-453F-A922-79C5FC9FDAED}.Release|x64.Build.0 = Release|x64
		{B28B170D-0C78-484C-B398-A6F2FA2C1B26}.Debug|Win32.ActiveCfg = Debug|Win32
		{B28B170D-0C78-484C-B398-A6F2FA2C1B26}.Debug|Win32.Build.0 = Debug|Win32
		{B28B170D-0C78-484C-B398-A6F2FA2C1B26}.Debug|x64.ActiveCfg = Debug|x64
		{B28B170D-0C78-484C-B398-A6F2FA2C1B26}.Debug|x64.Build.0 = Debug|x64
		{B28B170D-0C78-484C-B398-A6F2FA2C1B26}.Release|Win32.ActiveCfg = Release|Win32
		{B28B170D-0C78-484C-B398-A6F2FA2C1B26}.Release|Win32.Build.0 = Release|Win32
		{B28B170D-0C78-484C-B398-A6F2FA2C1B26}.Release|x64.ActiveCfg = Release|x64
		{B28B170D-0C78-484C-B398-A6F2FA2C1B26}.Release|x64.Build.0 = Release|x64
		{D29B5F9D-CA5C-4F2F-AB16-8FE0189E520C}.Debug|Win32.ActiveCfg = Debug|Win32
		{D29B5F9D-CA5C-4F2F-AB16-8FE0189E520C}.Debug|Win32.Build.0 = Debug|Win32
		{D29B5F9D-CA5C-4F2F-AB16-8FE0189E520C}.Debug|x64.ActiveCfg = Debug|x64
		{D29B5F9D-CA5C-4F2F-AB16-8FE0189E520C}.Debug|x64.Build.0 = Debug|x64
		{D29B5F9D-CA5C-4F2F-AB16-8FE0189E520C}.Release|Win32.ActiveCfg = Release|Win32
		{D29B5F9D-CA5C-4F2F-AB16-8FE0189E520C}.Release|Win32.Build.0 = Release|Win32
		{D29B5F9D-CA5C-4F2F-AB16-8FE0189E520C}.Release|x64.ActiveCfg = Release|x64
		{D29B5F9D-CA5C-4F2F-AB16-8FE0189E520C}.Release|x64.Build.0 = Release|x64
		{7E46D3EA-E3AA-458B-ACA8-A585F62B24A9}.Debug|Win32.ActiveCfg = Debug|Win32
		{7E46D3EA-E3AA-458B-ACA8-A585F62B24A9}.Debug|Win32.Build.0 = Debug|Win32
		{7E46D3EA-E3AA-458B-ACA8-A585F62B24A9}.Debug|x64.ActiveCfg = Debug|x64
		{7E46D3EA-E3AA-458B-ACA8-A585F62B24A9}.Debug|x64.Build.0 = Debug|x64
		{7E46D3EA-E3AA-458B-ACA8-A585F62B24A9}.Release|Win32.ActiveCfg = Release|Win32
		{7E46D3EA-E3AA-458B-ACA8-A585F62B24A9}.Release|Win32.Build.0 = Release|Win32
		{7E46D3EA-E3AA-458B-ACA8-A585F62B24A9}.Release|x64.ActiveCfg = Release|x64
		{7E46D3EA-E3AA-458B-ACA8-A585F62B24A9}.Release|x64.Build.0 = Release|x64
		{D72AE740-D901-41E7-8A85-04A41EA31EB5}.Debug|Win32.ActiveCfg = Debug|Win32
		{D72AE740-D901-41E7-8A85-04A41EA31EB5}.Debug|Win32.Build.0 = Debug|Win32
		{D72AE740-D901-41E7-8A85-04A41EA31EB5}.Debug|x64.ActiveCfg = Debug|x64
		{D72AE740-D901-41E7-8A85-04A41EA31EB5}.Debug|x64.Build.0 = Debug|x64
		{D72AE740-D901-41E7-8A85-04A41EA31EB5}.Release|Win32.ActiveCfg = Release|Win32
		{D72AE740-D901-41E7-8A85-04A41EA31EB5}.Release|Win32.Build.0 = Release|Win32
		{D72AE740-D901-41E7-8A85-04A41EA31EB5}.Release|x64.ActiveCfg = Release|x64
		{D72AE740-D901-41E7-8A85-04A41EA31EB5}.Release|x64.Build.0 = Release|x64
		{A840E983-177E-4218-916F-37391939E32D}.Debug|Win32.ActiveCfg = Debug|Win32
		{A840E983-177E-4218-916F-37391939E32D}.Debug|Win32.Build.0 = Debug|Win32
		{A840E983-177E-4218-916F-37391939E32D}.Debug|x64.ActiveCfg = Debug|x64
		{A840E983-177E-4218-916F-37391939E32D}.Debug|x64.Build.0 = Debug|x64
		{A840E983-177E-4218-916F-37391939E32D}.Release|Win32.ActiveCfg = Release|Win32
		{A840E983-177E-4218-916F-37391939E32D}.Release|Win32.Build.0 = Release|Win32
		{A840E983-177E-4218-916F-37391939E32D}.Release|x64.ActiveCfg = Release|x64
		{A840E983-177E-4218-916F-37391939E32D}.Release|x64.Build.0 = Release|x64
		{33FCABE9-BCC4-4894-9BD5-C3AD8FB0E18A}.Debug|Win32.ActiveCfg = Debug|Win32
		{33FCABE9-BCC4-4894-9BD5-C3AD8FB0E18A}.Debug|Win32.Build.0 = Debug|Win32
		{33FCABE9-BCC4-4894-9BD5-C3AD8FB0E18A}.Debug|x64.ActiveCfg = Debug|x64
		{33FCABE9-BCC4-4894-9BD5-C3AD8FB0E18A}.Debug|x64.Build.0 = Debug|x64
		{33FCABE9-BCC4-4894-9BD5-C3AD8FB0E18A}.Release|Win32.ActiveCfg = Release|Win32
		{33FCABE9-BCC4-4894-9BD5-C3AD8FB0E18A}.Release|Win32.Build.0 = Release|Win32
		{33FCABE9-BCC4-4894-9BD5-C3AD8FB0E18A}.Release|x64.ActiveCfg = Release|x64
		{33FCABE9-BCC4-4894-9BD5-C3AD8FB0E18A}.Release|x64.Build.0 = Release|x64
		{B0C2EB18-6469-4350-AC72-983E3D0B5F3C}.Debug|Win32.ActiveCfg = Debug|Win32
		{B0C2EB18-6469-4350-AC72-983E3D0B5F3C}.Debug|Win32.Build.0 = Debug|Win32
		{B0C2EB18-6469-4350-AC72-983E3D0B5F3C}.Debug|x64.ActiveCfg = Debug|x64
		{B0C2EB18-6469-4350-AC72-983E3D0B5F3C}.Debug|x64.Build.0 = Debug|x64
		{B0C2EB18-6469-4350-AC72-983E3D0B5F3C}.Release|Win32.ActiveCfg = Release|Win32
		{B0C2EB18-6469-4350-AC72-983E3D0B5F3C}.Release|Win32.Build.0 = Release|Win32
		{B0C2EB18-6469-4350-AC72-983E3D0B5F3C}.Release|x64.ActiveCfg = Release|x64
		{B0C2EB18-6469-4350-AC72-983E3D0B5F3C}.Release|x64.Build.0 = Release|x64
		{86418725-0244-46CC-A4E1-D7D21CAC620B}.Debug|Win32.ActiveCfg = Debug|Win32
		{86418725-0244-46CC-A4E1-D7D21CAC620B}.Debug|Win32.Build.0 = Debug|Win32
		{86418725-0244-46CC-A4E1-D7D21CAC620B}.Debug|x64.ActiveCfg = Debug|x64
		{86418725-0244-46CC-A4E1-D7D21CAC620B}.Debug|x64.Build.0 = Debug|x64
		{86418725-0244-46CC-A4E1-D7D21CAC620B}.Release|Win32.ActiveCfg = Release|Win32
		{86418725-0244-46CC-A4E1-D7D21CAC620B}.Release|Win32.Build.0 = Release|Win32
		{86418725-0244-46CC-A4E1-D7D21CAC620B}.Release|x64.ActiveCfg = Release|x64
		{86418725-0244-46CC-A4E1-D7D21CAC620B}.Release|x64.Build.0 = Release|x64
		{8E92B4DB-65AD-4CF7-B806-3AA6D17F3F5C}.Debug|Win32.ActiveCfg = Debug|Win32
		{8E92B4DB-65AD-4CF7-B806-3AA6D17F3F5C}.Debug|Win32.Build.0 = Debug|Win32
		{8E92B4DB-65AD-4CF7-B806-3AA6D17F3F5C}.Debug|x64.ActiveCfg = Debug|x64
		{8E92B4DB-65AD-4CF7-B806-3AA6D17F3F5C}.Debug|x64.Build.0 = Debug|x64
		{8E92B4DB-65AD-4CF7-B806-3AA6D17F3F5C}.Release|Win32.ActiveCfg = Release|Win32
		{8E92B4DB-65AD-4CF7-B806-3AA6D17F3F5C}.Release|Win32.Build.0 = Release|Win32
		{8E92B4DB-65AD-4CF7-B806-3AA6D17F3F5C}.Release|x64.ActiveCfg = Release|x64
		{8E92B4DB-65AD-4CF7-B806-3AA6D17F3F5C}.Release|x64.Build.0 = Release|x64
		{DC9562D3-A5A4-4BB0-98C3-7863AACFF1C8}.Debug|Win32.ActiveCfg = Debug|Win32
		{DC9562D3-A5A4-4BB0-98C3-7863AACFF1C8}.Debug|Win32.Build.0 = Debug|Win32
		{DC9562D3-A5A4-4BB0-98C3-7863AACFF1C8}.Debug|x64.ActiveCfg = Debug|x64
		{DC9562D3-A5A4-4BB0-98C3-7863AACFF1C8}.Debug|x64.Build.0 = Debug|x64
		{DC9562D3-A5A4-4BB0-98C3-7863AACFF1C8}.Release|Win32.ActiveCfg = Release|Win32
		{DC9562D3-A5A4-4BB0-98C3-7863AACFF1C8}.Release|Win32.Build.0 = Release|Win32
		{DC9562D3-A5A4-4BB0-98C3-7863AACFF1C8}.Release|x64.ActiveCfg = Release|x64
		{DC9562D3-A5A4-4BB0-98C3-7863AACFF1C8}.Release|x64.Build.0 = Release|x64
		{2FBE4820-120C-478D-8DF2-39E53C885830}.Debug|Win32.ActiveCfg = Debug|Win32
		{2FBE4820-120C-478D-8DF2-39E53C885830}.Debug|Win32.Build.0 = Debug|Win32
		{2FBE4820-120C-478D-8DF2-39E53C885830}.Debug|x64.ActiveCfg = Debug|x64
		{2FBE4820-120C-478D-8DF2-39E53C885830}.Debug|x64.Build.0 = Debug|x64
		{2FBE4820-120C-478D-8DF2-39E53C885830}.Release|Win32.ActiveCfg = Release|Win32
		{2FBE4820-120C-478D-8DF2-39E53C885830}.Release|Win32.Build.0 = Release|Win32
		{2FBE4820-120C-478D-8DF2-39E53C885830}.Release|x64.ActiveCfg = Release|x64
		{2FBE4820-120C-478D-8DF2-39E53C885830}.Release|x64.Build.0 = Release|x64
		{9CD7FB43-AEAA-4380-AB53-9DC8487D553F}.Debug|Win32.ActiveCfg = Debug|Win32
		{9CD7FB43-AEAA-4380-AB53-9DC8487D553F}.Debug|Win32.Build.0 = Debug|Win32
		{9CD7FB43-AEAA-4380-AB53-9DC8487D553F}.Debug|x64.ActiveCfg = Debug|x64
		{9CD7FB43-AEAA-4380-AB53-9DC8487D553F}.Debug|x64.Build.0 = Debug|x64
		{9CD7FB43-AEAA-4380-AB53-9DC8487D553F}.Release|Win32.ActiveCfg = Release|Win32
		{9CD7FB43-AEAA-4380-AB53-9DC8487D553F}.Release|Win32.Build.0 = Release|Win32
		{9CD7FB43-AEAA-4380-AB53-9DC8487D553F}.Release|x64.ActiveCfg = Release|x64
		{9CD7FB43-AEAA-4380-AB53-9DC8487D553F}.Release|x64.Build.0 = Release|x64
		{58988CC8-3154-45C1-A05E-9AF4FE45D7FE}.Debug|Win32.ActiveCfg = Debug|Win32
		{58988CC8-3154-45C1-A05E-9AF4FE45D7FE}.Debug|Win32.Build.0 = Debug|Win32
		{58988CC8-3154-45C1-A05E-9AF4FE45D7FE}.Debug|x64.ActiveCfg = Debug|x64
		{58988CC8-3154-45C1-A05E-9AF4FE45D7FE}.Debug|x64.Build.0 = Debug|x64
		{58988CC8-3154-45C1-A05E-9AF4FE45D7FE}.Release|Win32.ActiveCfg = Release|Win32
		{58988CC8-3154-45C1-A05E-9AF4FE45D7FE}.Release|Win32.Build.0 = Release|Win32
		{58988CC8-3154-45C1-A05E-9AF4FE45D7FE}.Release|x64.ActiveCfg = Release|x64
		{58988CC8-3154-45C1-A05E-9AF4FE45D7FE}.Release|x64.Build.0 = Release|x64
		{A800762F-F9D8-494B-AFCE-AFE75053A9C8}.Debug|Win32.ActiveCfg = Debug|Win32
		{A800762F-F9D8-494B-AFCE-AFE75053A9C8}.Debug|Win32.Build.0 = Debug|Win32
		{A800762F-F9D8-494B-AFCE-AFE75053A9C8}.Debug|x64.ActiveCfg = Debug|x64
		{A800762F-F9D8-494B-AFCE-AFE75053A9C8}.Debug|x64.Build.0 = Debug|x64
		{A800762F-F9D8-494B-AFCE-AFE75053A9C8}.Release|Win32.ActiveCfg = Release|Win32
		{A800762F-F9D8-494B-AFCE-AFE75053A9C8}.Release|Win32.Build.0 = Release|Win32
		{A800762F-F9D8-494B-AFCE-AFE75053A9C8}.Release|x64.ActiveCfg = Release|x64
		{A800762F-F9D8-494B-AFCE-AFE75053A9C8}.Release|x64.Build.0 = Release|x64
		{5FC6935E-35DE-4A68-87FE-8ADCDEED2B48}.Debug|Win32.ActiveCfg = Debug|Win32
		{5FC6935E-35DE-4A68-87FE-8ADCDEED2B48}.Debug|Win32.Build.0 = Debug|Win32
		{5FC6935E-35DE-4A68-87FE-8ADCDEED2B48}.Debug|x64.ActiveCfg = Debug|x64
		{5FC6935E-35DE-4A68-87FE-8ADCDEED2B48}.Debug|x64.Build.0 = Debug|x64
		{5FC6935E-35DE-4A68-87FE-8ADCDEED2B48}.Release|Win32.ActiveCfg = Release|Win32
		{5FC6935E-35DE-4A68-87FE-8ADCDEED2B48}.Release|Win32.Build.0 = Release|Win32
		{5FC6935E-35DE-4A68-87FE-8ADCDEED2B48}.Release|x64.ActiveCfg = Release|x64
		{5FC6935E-35DE-4A68-87FE-8ADCDEED2B48}.Release|x64.Build.0 = Release|x64
		{D3FAA3AB-9A66-4911-85CE-73B674B683EC}.Debug|Win32.ActiveCfg = Debug|Win32
		{D3FAA3AB-9A66-4911-85CE-73B674B683EC}.Debug|Win32.Build.0 = Debug|Win32
		{D3FAA3AB-9A66-4911-85CE-73B674B683EC}.Debug|x64.ActiveCfg = Debug|x64
		{D3FAA3AB-9A66-4911-85CE-73B674B683EC}.Debug|x64.Build.0 = Debug|x64
		{D3FAA3AB-9A66-4911-85CE-73B674B683EC}.Release|Win32.ActiveCfg = Release|Win32
		{D3FAA3AB-9A66-4911-85CE-73B674B683EC}.Release|Win32.Build.0 = Release|Win32
		{D3FAA3AB-9A66-4911-85CE-73B674B683EC}.Release|x64.ActiveCfg = Release|x64
		{D3FAA3AB-9A66-4911-85CE-73B674B683EC}.Release|x64.Build.0 = Release|x64
		{31BA8F80-0A8C-4CFC-AD63-D947F1ABAC8C}.Debug|Win32.ActiveCfg = Debug|Win32
		{31BA8F80-0A8C-4CFC-AD63-D947F1ABAC8C}.Debug|Win32.Build.0 = Debug|Win32
		{31BA8F80-0A8C-4CFC-AD63-D947F1ABAC8C}.Debug|x64.ActiveCfg = Debug|x64
		{31BA8F80-0A8C-4CFC-AD63-D947F1ABAC8C}.Debug|x64.Build.0 = Debug|x64
		{31BA8F80-0A8C-4CFC-AD63-D947F1ABAC8C}.Release|Win32.ActiveCfg = Release|Win32
		{31BA8F80-0A8C-4CFC-AD63-D947F1ABAC8C}.Release|Win32.Build.0 = Release|Win32
		{31BA8F80-0A8C-4CFC-AD63-D947F1ABAC8C}.Release|x64.ActiveCfg = Release|x64
		{31BA8F80-0A8C-4CFC-AD63-D947F1ABAC8C}.Release|x64.Build.0 = Release|x64
		{EBA97261-BA06-4889-8568-0488E791F9A3}.Debug|Win32.ActiveCfg = Debug|Win32
		{EBA97261-BA06-4889-8568-0488E791F9A3}.Debug|Win32.Build.0 = Debug|Win32
		{EBA97261-BA06-4889-8568-0488E791F9A3}.Debug|x64.ActiveCfg = Debug|x64
		{EBA97261-BA06-4889-8568-0488E791F9A3}.Debug|x64.Build.0 = Debug|x64
		{EBA97261-BA06-4889-8568-0488E791F9A3}.Release|Win32.ActiveCfg = Release|Win32
		{EBA97261-BA06-4889-8568-0488E791F9A3}.Release|Win32.Build.0 = Release|Win32
		{EBA97261-BA06-4889-8568-0488E791F9A3}.Release|x64.ActiveCfg = Release|x64
		{EBA97261-BA06-4889-8568-0488E791F9A3}.Release|x64.Build.0 = Release|x64
		{BB90C9EC-7C4F-4AEA-A64E-95A2EA9C2F06}.Debug|Win32.ActiveCfg = Debug|Win32
		{BB90C9EC-7C4F-4AEA-A64E-95A2EA9C2F06}.Debug|Win32.Build.0 = Debug|Win32
		{BB90C9EC-7C4F-4AEA-A64E-95A2EA9C2F06}.Debug|x64.ActiveCfg = Debug|x64
		{BB90C9EC-7C4F-4AEA-A64E-95A2EA9C2F06}.Debug|x64.Build.0 = Debug|x64
		{BB90C9EC-7C4F-4AEA-A64E-95A2EA9C2F06}.Release|Win32.ActiveCfg = Release|Win32
		{BB90C9EC-7C4F-4AEA-A64E-95A2EA9C2F06}.Release|Win32.Build.0 = Release|Win32
		{BB90C9EC-7C4F-4AEA-A64E-95A2EA9C2F06}.Release|x64.ActiveCfg = Release|x64
		{BB90C9EC-7C4F-4AEA-A64E-95A2EA9C2F06}.Release|x64.Build.0 = Release|x64
		{93EA2B92-DF8B-4D30-9788-99D63D779756}.Debug|Win32.ActiveCfg = Debug|Win32
		{93EA2B92-DF8B-4D30-9788-99D63D779756}.Debug|Win32.Build.0 = Debug|Win32
		{93EA2B92-DF8B-4D30-9788-99D63D779756}.Debug|x64.ActiveCfg = Debug|x64
		{93EA2B92-DF8B-4D30-9788-99D63D779756}.Debug|x64.Build.0 = Debug|x64
		{93EA2B92-DF8B-4D30-9788-99D63D779756}.Release|Win32.ActiveCfg = Release|Win32
		{93EA2B92-DF8B-4D30-9788-99D63D779756}.Release|Win32.Build.0 = Release|Win32
		{93EA2B92-DF8B-4D30-9788-99D63D779756}.Release|x64.ActiveCfg = Release|x64
		{93EA2B92-DF8B-4D30-9788-99D63D779756}.Release|x64.Build.0 = Release|x64
		{F8D2C124-2238-47AB-8A51-4A42D8F10BF5}.Debug|Win32.ActiveCfg = Debug|Win32
		{F8D2C124-2238-47AB-8A51-4A42D8F10BF5}.Debug|Win32.Build.0 = Debug|Win32
		{F8D2C124-2238-47AB-8A51-4A42D8F10BF5}.Debug|x64.ActiveCfg = Debug|x64
		{F8D2C124-2238-47AB-8A51-4A42D8F10BF5}.Debug|x64.Build.0 = Debug|x64
		{F8D2C124-2238-47AB-8A51-4A42D8F10BF5}.Release|Win32.ActiveCfg = Release|Win32
		{F8D2C124-2238-47AB-8A51-4A42D8F10BF5}.Release|Win32.Build.0 = Release|Win32
		{F8D2C124-2238-47AB-8A51-4A42D8F10BF5}.Release|x64.ActiveCfg = Release|x64
		{F8D2C124-2238-47AB-8A51-4A42D8F10BF5}.Release|x64.Build.0 = Release|x64
		{447B9176-2551-4BE1-BBFF-D74C1723D6E0}.Debug|Win32.ActiveCfg = Debug|Win32
		{447B9176-2551-4BE1-BBFF-D74C1723D6E0}.Debug|Win32.Build.0 = Debug|Win32
		{447B9176-2551-4BE1-BBFF-D74C1723D6E0}.Debug|x64.ActiveCfg = Debug|x64
		{447B9176-2551-4BE1-BBFF-D74C1723D6E0}.Debug|x64.Build.0 = Debug|x64
		{447B9176-2551-4BE1-BBFF-D74C1723D6E0}.Release|Win32.ActiveCfg = Release|Win32
		{447B9176-2551-4BE1-BBFF-D74C1723D6E0}.Release|Win32.Build.0 = Release|Win32
		{447B9176-2551-4BE1-BBFF-D74C1723D6E0}.Release|x64.ActiveCfg = Release|x64
		{447B9176-2551-4BE1-BBFF-D74C1723D6E0}.Release|x64.Build.0 = Release|x64
	EndGlobalSection
	GlobalSection(SolutionProperties) = preSolution
		HideSolutionNode = FALSE
	EndGlobalSection
EndGlobal
