Microsoft Visual Studio Solution File, Format Version 10.00
# Visual Studio 2008
Project("{8BC9CEB8-8B4A-11D0-8D11-00A0C91BC942}") = "allcppexamples", "allcppexamples.vcproj", "{27E3886B-0BAC-4E00-8F89-163208E03462}"
	ProjectSection(ProjectDependencies) = postProject
		{7AABEE0C-3749-49C6-B951-5081BE817897} = {7AABEE0C-3749-49C6-B951-5081BE817897}
		{562DA812-6FD9-424A-BC3E-044362DC93C1} = {562DA812-6FD9-424A-BC3E-044362DC93C1}
		{9C900514-5BB2-4BA2-B5DF-5FD8572982DC} = {9C900514-5BB2-4BA2-B5DF-5FD8572982DC}
		{8A70FD1D-7E7E-448B-8F5F-7CF2A414F309} = {8A70FD1D-7E7E-448B-8F5F-7CF2A414F309}
		{798DE42A-5B27-4B33-B54A-58D45EFD600B} = {798DE42A-5B27-4B33-B54A-58D45EFD600B}
		{F144F936-D02D-4859-9FAA-FED36AC8A0C4} = {F144F936-D02D-4859-9FAA-FED36AC8A0C4}
		{1D870142-6627-41ED-95C3-31CF9783FE70} = {1D870142-6627-41ED-95C3-31CF9783FE70}
		{B187A146-D60D-4587-90F5-A501E4B826A6} = {B187A146-D60D-4587-90F5-A501E4B826A6}
		{C75DC585-7E3D-472D-AB77-EAE48876FA8C} = {C75DC585-7E3D-472D-AB77-EAE48876FA8C}
		{8CD35A8A-1D59-4ACE-B684-A7FD9952A45C} = {8CD35A8A-1D59-4ACE-B684-A7FD9952A45C}
		{DA72AC9E-B53E-43B4-A9C1-A1E94F3733CD} = {DA72AC9E-B53E-43B4-A9C1-A1E94F3733CD}
		{AC1F5EA5-2256-4E27-8D56-D9A5AA71F411} = {AC1F5EA5-2256-4E27-8D56-D9A5AA71F411}
		{051AA0B9-BC9B-4732-BE21-F3949C6A179B} = {051AA0B9-BC9B-4732-BE21-F3949C6A179B}
		{1F74A3E0-276B-4A85-BBB0-3421434D5946} = {1F74A3E0-276B-4A85-BBB0-3421434D5946}
	EndProjectSection
EndProject
Project("{8BC9CEB8-8B4A-11D0-8D11-00A0C91BC942}") = "chunkstest", "..\chunkstest\chunkstest.vcproj", "{9C900514-5BB2-4BA2-B5DF-5FD8572982DC}"
EndProject
Project("{8BC9CEB8-8B4A-11D0-8D11-00A0C91BC942}") = "chunkstestdll", "..\chunkstestdll\chunkstestdll.vcproj", "{1D870142-6627-41ED-95C3-31CF9783FE70}"
EndProject
Project("{8BC9CEB8-8B4A-11D0-8D11-00A0C91BC942}") = "compoundtest", "..\compoundtest\compoundtest.vcproj", "{8CD35A8A-1D59-4ACE-B684-A7FD9952A45C}"
EndProject
Project("{8BC9CEB8-8B4A-11D0-8D11-00A0C91BC942}") = "compoundtestdll", "..\compoundtestdll\compoundtestdll.vcproj", "{F144F936-D02D-4859-9FAA-FED36AC8A0C4}"
EndProject
Project("{8BC9CEB8-8B4A-11D0-8D11-00A0C91BC942}") = "createtest", "..\createtest\createtest.vcproj", "{B187A146-D60D-4587-90F5-A501E4B826A6}"
EndProject
Project("{8BC9CEB8-8B4A-11D0-8D11-00A0C91BC942}") = "createtestdll", "..\createtestdll\createtestdll.vcproj", "{AC1F5EA5-2256-4E27-8D56-D9A5AA71F411}"
EndProject
Project("{8BC9CEB8-8B4A-11D0-8D11-00A0C91BC942}") = "extend_dstest", "..\extend_dstest\extend_dstest.vcproj", "{1F74A3E0-276B-4A85-BBB0-3421434D5946}"
EndProject
Project("{8BC9CEB8-8B4A-11D0-8D11-00A0C91BC942}") = "extend_dstestdll", "..\extend_dstestdll\extend_dstestdll.vcproj", "{DA72AC9E-B53E-43B4-A9C1-A1E94F3733CD}"
EndProject
Project("{8BC9CEB8-8B4A-11D0-8D11-00A0C91BC942}") = "h5grouptest", "..\h5grouptest\h5grouptest.vcproj", "{798DE42A-5B27-4B33-B54A-58D45EFD600B}"
EndProject
Project("{8BC9CEB8-8B4A-11D0-8D11-00A0C91BC942}") = "h5grouptestdll", "..\h5grouptestdll\h5grouptestdll.vcproj", "{7AABEE0C-3749-49C6-B951-5081BE817897}"
EndProject
Project("{8BC9CEB8-8B4A-11D0-8D11-00A0C91BC942}") = "readdatatest", "..\readdatatest\readdatatest.vcproj", "{C75DC585-7E3D-472D-AB77-EAE48876FA8C}"
EndProject
Project("{8BC9CEB8-8B4A-11D0-8D11-00A0C91BC942}") = "readdatatestdll", "..\readdatatestdll\readdatatestdll.vcproj", "{051AA0B9-BC9B-4732-BE21-F3949C6A179B}"
EndProject
Project("{8BC9CEB8-8B4A-11D0-8D11-00A0C91BC942}") = "writedatatest", "..\writedatatest\writedatatest.vcproj", "{8A70FD1D-7E7E-448B-8F5F-7CF2A414F309}"
EndProject
Project("{8BC9CEB8-8B4A-11D0-8D11-00A0C91BC942}") = "writedatatestdll", "..\writedatatestdll\writedatatestdll.vcproj", "{562DA812-6FD9-424A-BC3E-044362DC93C1}"
EndProject
Global
	GlobalSection(SolutionConfigurationPlatforms) = preSolution
		Debug|Win32 = Debug|Win32
		Debug|x64 = Debug|x64
		Release|Win32 = Release|Win32
		Release|x64 = Release|x64
	EndGlobalSection
	GlobalSection(ProjectConfigurationPlatforms) = postSolution
		{27E3886B-0BAC-4E00-8F89-163208E03462}.Debug|Win32.ActiveCfg = Debug|Win32
		{27E3886B-0BAC-4E00-8F89-163208E03462}.Debug|Win32.Build.0 = Debug|Win32
		{27E3886B-0BAC-4E00-8F89-163208E03462}.Debug|x64.ActiveCfg = Debug|x64
		{27E3886B-0BAC-4E00-8F89-163208E03462}.Debug|x64.Build.0 = Debug|x64
		{27E3886B-0BAC-4E00-8F89-163208E03462}.Release|Win32.ActiveCfg = Release|Win32
		{27E3886B-0BAC-4E00-8F89-163208E03462}.Release|Win32.Build.0 = Release|Win32
		{27E3886B-0BAC-4E00-8F89-163208E03462}.Release|x64.ActiveCfg = Release|x64
		{27E3886B-0BAC-4E00-8F89-163208E03462}.Release|x64.Build.0 = Release|x64
		{9C900514-5BB2-4BA2-B5DF-5FD8572982DC}.Debug|Win32.ActiveCfg = Debug|Win32
		{9C900514-5BB2-4BA2-B5DF-5FD8572982DC}.Debug|Win32.Build.0 = Debug|Win32
		{9C900514-5BB2-4BA2-B5DF-5FD8572982DC}.Debug|x64.ActiveCfg = Debug|x64
		{9C900514-5BB2-4BA2-B5DF-5FD8572982DC}.Debug|x64.Build.0 = Debug|x64
		{9C900514-5BB2-4BA2-B5DF-5FD8572982DC}.Release|Win32.ActiveCfg = Release|Win32
		{9C900514-5BB2-4BA2-B5DF-5FD8572982DC}.Release|Win32.Build.0 = Release|Win32
		{9C900514-5BB2-4BA2-B5DF-5FD8572982DC}.Release|x64.ActiveCfg = Release|x64
		{9C900514-5BB2-4BA2-B5DF-5FD8572982DC}.Release|x64.Build.0 = Release|x64
		{1D870142-6627-41ED-95C3-31CF9783FE70}.Debug|Win32.ActiveCfg = Debug|Win32
		{1D870142-6627-41ED-95C3-31CF9783FE70}.Debug|Win32.Build.0 = Debug|Win32
		{1D870142-6627-41ED-95C3-31CF9783FE70}.Debug|x64.ActiveCfg = Debug|x64
		{1D870142-6627-41ED-95C3-31CF9783FE70}.Debug|x64.Build.0 = Debug|x64
		{1D870142-6627-41ED-95C3-31CF9783FE70}.Release|Win32.ActiveCfg = Release|Win32
		{1D870142-6627-41ED-95C3-31CF9783FE70}.Release|Win32.Build.0 = Release|Win32
		{1D870142-6627-41ED-95C3-31CF9783FE70}.Release|x64.ActiveCfg = Release|x64
		{1D870142-6627-41ED-95C3-31CF9783FE70}.Release|x64.Build.0 = Release|x64
		{8CD35A8A-1D59-4ACE-B684-A7FD9952A45C}.Debug|Win32.ActiveCfg = Debug|Win32
		{8CD35A8A-1D59-4ACE-B684-A7FD9952A45C}.Debug|Win32.Build.0 = Debug|Win32
		{8CD35A8A-1D59-4ACE-B684-A7FD9952A45C}.Debug|x64.ActiveCfg = Debug|x64
		{8CD35A8A-1D59-4ACE-B684-A7FD9952A45C}.Debug|x64.Build.0 = Debug|x64
		{8CD35A8A-1D59-4ACE-B684-A7FD9952A45C}.Release|Win32.ActiveCfg = Release|Win32
		{8CD35A8A-1D59-4ACE-B684-A7FD9952A45C}.Release|Win32.Build.0 = Release|Win32
		{8CD35A8A-1D59-4ACE-B684-A7FD9952A45C}.Release|x64.ActiveCfg = Release|x64
		{8CD35A8A-1D59-4ACE-B684-A7FD9952A45C}.Release|x64.Build.0 = Release|x64
		{F144F936-D02D-4859-9FAA-FED36AC8A0C4}.Debug|Win32.ActiveCfg = Debug|Win32
		{F144F936-D02D-4859-9FAA-FED36AC8A0C4}.Debug|Win32.Build.0 = Debug|Win32
		{F144F936-D02D-4859-9FAA-FED36AC8A0C4}.Debug|x64.ActiveCfg = Debug|x64
		{F144F936-D02D-4859-9FAA-FED36AC8A0C4}.Debug|x64.Build.0 = Debug|x64
		{F144F936-D02D-4859-9FAA-FED36AC8A0C4}.Release|Win32.ActiveCfg = Release|Win32
		{F144F936-D02D-4859-9FAA-FED36AC8A0C4}.Release|Win32.Build.0 = Release|Win32
		{F144F936-D02D-4859-9FAA-FED36AC8A0C4}.Release|x64.ActiveCfg = Release|x64
		{F144F936-D02D-4859-9FAA-FED36AC8A0C4}.Release|x64.Build.0 = Release|x64
		{B187A146-D60D-4587-90F5-A501E4B826A6}.Debug|Win32.ActiveCfg = Debug|Win32
		{B187A146-D60D-4587-90F5-A501E4B826A6}.Debug|Win32.Build.0 = Debug|Win32
		{B187A146-D60D-4587-90F5-A501E4B826A6}.Debug|x64.ActiveCfg = Debug|x64
		{B187A146-D60D-4587-90F5-A501E4B826A6}.Debug|x64.Build.0 = Debug|x64
		{B187A146-D60D-4587-90F5-A501E4B826A6}.Release|Win32.ActiveCfg = Release|Win32
		{B187A146-D60D-4587-90F5-A501E4B826A6}.Release|Win32.Build.0 = Release|Win32
		{B187A146-D60D-4587-90F5-A501E4B826A6}.Release|x64.ActiveCfg = Release|x64
		{B187A146-D60D-4587-90F5-A501E4B826A6}.Release|x64.Build.0 = Release|x64
		{AC1F5EA5-2256-4E27-8D56-D9A5AA71F411}.Debug|Win32.ActiveCfg = Debug|Win32
		{AC1F5EA5-2256-4E27-8D56-D9A5AA71F411}.Debug|Win32.Build.0 = Debug|Win32
		{AC1F5EA5-2256-4E27-8D56-D9A5AA71F411}.Debug|x64.ActiveCfg = Debug|x64
		{AC1F5EA5-2256-4E27-8D56-D9A5AA71F411}.Debug|x64.Build.0 = Debug|x64
		{AC1F5EA5-2256-4E27-8D56-D9A5AA71F411}.Release|Win32.ActiveCfg = Release|Win32
		{AC1F5EA5-2256-4E27-8D56-D9A5AA71F411}.Release|Win32.Build.0 = Release|Win32
		{AC1F5EA5-2256-4E27-8D56-D9A5AA71F411}.Release|x64.ActiveCfg = Release|x64
		{AC1F5EA5-2256-4E27-8D56-D9A5AA71F411}.Release|x64.Build.0 = Release|x64
		{1F74A3E0-276B-4A85-BBB0-3421434D5946}.Debug|Win32.ActiveCfg = Debug|Win32
		{1F74A3E0-276B-4A85-BBB0-3421434D5946}.Debug|Win32.Build.0 = Debug|Win32
		{1F74A3E0-276B-4A85-BBB0-3421434D5946}.Debug|x64.ActiveCfg = Debug|x64
		{1F74A3E0-276B-4A85-BBB0-3421434D5946}.Debug|x64.Build.0 = Debug|x64
		{1F74A3E0-276B-4A85-BBB0-3421434D5946}.Release|Win32.ActiveCfg = Release|Win32
		{1F74A3E0-276B-4A85-BBB0-3421434D5946}.Release|Win32.Build.0 = Release|Win32
		{1F74A3E0-276B-4A85-BBB0-3421434D5946}.Release|x64.ActiveCfg = Release|x64
		{1F74A3E0-276B-4A85-BBB0-3421434D5946}.Release|x64.Build.0 = Release|x64
		{DA72AC9E-B53E-43B4-A9C1-A1E94F3733CD}.Debug|Win32.ActiveCfg = Debug|Win32
		{DA72AC9E-B53E-43B4-A9C1-A1E94F3733CD}.Debug|Win32.Build.0 = Debug|Win32
		{DA72AC9E-B53E-43B4-A9C1-A1E94F3733CD}.Debug|x64.ActiveCfg = Debug|x64
		{DA72AC9E-B53E-43B4-A9C1-A1E94F3733CD}.Debug|x64.Build.0 = Debug|x64
		{DA72AC9E-B53E-43B4-A9C1-A1E94F3733CD}.Release|Win32.ActiveCfg = Release|Win32
		{DA72AC9E-B53E-43B4-A9C1-A1E94F3733CD}.Release|Win32.Build.0 = Release|Win32
		{DA72AC9E-B53E-43B4-A9C1-A1E94F3733CD}.Release|x64.ActiveCfg = Release|x64
		{DA72AC9E-B53E-43B4-A9C1-A1E94F3733CD}.Release|x64.Build.0 = Release|x64
		{798DE42A-5B27-4B33-B54A-58D45EFD600B}.Debug|Win32.ActiveCfg = Debug|Win32
		{798DE42A-5B27-4B33-B54A-58D45EFD600B}.Debug|Win32.Build.0 = Debug|Win32
		{798DE42A-5B27-4B33-B54A-58D45EFD600B}.Debug|x64.ActiveCfg = Debug|x64
		{798DE42A-5B27-4B33-B54A-58D45EFD600B}.Debug|x64.Build.0 = Debug|x64
		{798DE42A-5B27-4B33-B54A-58D45EFD600B}.Release|Win32.ActiveCfg = Release|Win32
		{798DE42A-5B27-4B33-B54A-58D45EFD600B}.Release|Win32.Build.0 = Release|Win32
		{798DE42A-5B27-4B33-B54A-58D45EFD600B}.Release|x64.ActiveCfg = Release|x64
		{798DE42A-5B27-4B33-B54A-58D45EFD600B}.Release|x64.Build.0 = Release|x64
		{7AABEE0C-3749-49C6-B951-5081BE817897}.Debug|Win32.ActiveCfg = Debug|Win32
		{7AABEE0C-3749-49C6-B951-5081BE817897}.Debug|Win32.Build.0 = Debug|Win32
		{7AABEE0C-3749-49C6-B951-5081BE817897}.Debug|x64.ActiveCfg = Debug|x64
		{7AABEE0C-3749-49C6-B951-5081BE817897}.Debug|x64.Build.0 = Debug|x64
		{7AABEE0C-3749-49C6-B951-5081BE817897}.Release|Win32.ActiveCfg = Release|Win32
		{7AABEE0C-3749-49C6-B951-5081BE817897}.Release|Win32.Build.0 = Release|Win32
		{7AABEE0C-3749-49C6-B951-5081BE817897}.Release|x64.ActiveCfg = Release|x64
		{7AABEE0C-3749-49C6-B951-5081BE817897}.Release|x64.Build.0 = Release|x64
		{C75DC585-7E3D-472D-AB77-EAE48876FA8C}.Debug|Win32.ActiveCfg = Debug|Win32
		{C75DC585-7E3D-472D-AB77-EAE48876FA8C}.Debug|Win32.Build.0 = Debug|Win32
		{C75DC585-7E3D-472D-AB77-EAE48876FA8C}.Debug|x64.ActiveCfg = Debug|x64
		{C75DC585-7E3D-472D-AB77-EAE48876FA8C}.Debug|x64.Build.0 = Debug|x64
		{C75DC585-7E3D-472D-AB77-EAE48876FA8C}.Release|Win32.ActiveCfg = Release|Win32
		{C75DC585-7E3D-472D-AB77-EAE48876FA8C}.Release|Win32.Build.0 = Release|Win32
		{C75DC585-7E3D-472D-AB77-EAE48876FA8C}.Release|x64.ActiveCfg = Release|x64
		{C75DC585-7E3D-472D-AB77-EAE48876FA8C}.Release|x64.Build.0 = Release|x64
		{051AA0B9-BC9B-4732-BE21-F3949C6A179B}.Debug|Win32.ActiveCfg = Debug|Win32
		{051AA0B9-BC9B-4732-BE21-F3949C6A179B}.Debug|Win32.Build.0 = Debug|Win32
		{051AA0B9-BC9B-4732-BE21-F3949C6A179B}.Debug|x64.ActiveCfg = Debug|x64
		{051AA0B9-BC9B-4732-BE21-F3949C6A179B}.Debug|x64.Build.0 = Debug|x64
		{051AA0B9-BC9B-4732-BE21-F3949C6A179B}.Release|Win32.ActiveCfg = Release|Win32
		{051AA0B9-BC9B-4732-BE21-F3949C6A179B}.Release|Win32.Build.0 = Release|Win32
		{051AA0B9-BC9B-4732-BE21-F3949C6A179B}.Release|x64.ActiveCfg = Release|x64
		{051AA0B9-BC9B-4732-BE21-F3949C6A179B}.Release|x64.Build.0 = Release|x64
		{8A70FD1D-7E7E-448B-8F5F-7CF2A414F309}.Debug|Win32.ActiveCfg = Debug|Win32
		{8A70FD1D-7E7E-448B-8F5F-7CF2A414F309}.Debug|Win32.Build.0 = Debug|Win32
		{8A70FD1D-7E7E-448B-8F5F-7CF2A414F309}.Debug|x64.ActiveCfg = Debug|x64
		{8A70FD1D-7E7E-448B-8F5F-7CF2A414F309}.Debug|x64.Build.0 = Debug|x64
		{8A70FD1D-7E7E-448B-8F5F-7CF2A414F309}.Release|Win32.ActiveCfg = Release|Win32
		{8A70FD1D-7E7E-448B-8F5F-7CF2A414F309}.Release|Win32.Build.0 = Release|Win32
		{8A70FD1D-7E7E-448B-8F5F-7CF2A414F309}.Release|x64.ActiveCfg = Release|x64
		{8A70FD1D-7E7E-448B-8F5F-7CF2A414F309}.Release|x64.Build.0 = Release|x64
		{562DA812-6FD9-424A-BC3E-044362DC93C1}.Debug|Win32.ActiveCfg = Debug|Win32
		{562DA812-6FD9-424A-BC3E-044362DC93C1}.Debug|Win32.Build.0 = Debug|Win32
		{562DA812-6FD9-424A-BC3E-044362DC93C1}.Debug|x64.ActiveCfg = Debug|x64
		{562DA812-6FD9-424A-BC3E-044362DC93C1}.Debug|x64.Build.0 = Debug|x64
		{562DA812-6FD9-424A-BC3E-044362DC93C1}.Release|Win32.ActiveCfg = Release|Win32
		{562DA812-6FD9-424A-BC3E-044362DC93C1}.Release|Win32.Build.0 = Release|Win32
		{562DA812-6FD9-424A-BC3E-044362DC93C1}.Release|x64.ActiveCfg = Release|x64
		{562DA812-6FD9-424A-BC3E-044362DC93C1}.Release|x64.Build.0 = Release|x64
	EndGlobalSection
	GlobalSection(SolutionProperties) = preSolution
		HideSolutionNode = FALSE
	EndGlobalSection
EndGlobal
